<?xml version="1.0" encoding="utf-8"?>
<Project ToolsVersion="4.0" xmlns="http://schemas.microsoft.com/developer/msbuild/2003">
  <ItemGroup>
    <Filter Include="_Maintanance">
      <UniqueIdentifier>{93995380-89BD-4b04-88EB-625FBE52EBFB}</UniqueIdentifier>
      <Extensions>h;hpp;hxx;hm;inl;inc;xsd</Extensions>
    </Filter>
    <Filter Include="Game">
      <UniqueIdentifier>{4FC737F1-C7A5-4376-A066-2A32D752A2FF}</UniqueIdentifier>
      <Extensions>cpp;c;cc;cxx;def;odl;idl;hpj;bat;asm;asmx</Extensions>
    </Filter>
    <Filter Include="TimeManagement">
      <UniqueIdentifier>{f0074ac3-9a2e-43fc-b125-cfd4320295e4}</UniqueIdentifier>
    </Filter>
    <Filter Include="Composer">
      <UniqueIdentifier>{f4822b5d-6bb3-48df-82df-1e9c651b97cf}</UniqueIdentifier>
    </Filter>
    <Filter Include="Core">
      <UniqueIdentifier>{3d0b30b8-0150-4975-a7e8-d60cfe28c854}</UniqueIdentifier>
    </Filter>
    <Filter Include="Core\Application">
      <UniqueIdentifier>{4b3de89a-53fe-4c8e-b308-729528f5f8a4}</UniqueIdentifier>
    </Filter>
    <Filter Include="Core\Application\Win">
      <UniqueIdentifier>{daefe891-9dbd-4fef-b7b0-8dd06d107ab7}</UniqueIdentifier>
    </Filter>
    <Filter Include="Core\Renderer">
      <UniqueIdentifier>{f828f8e9-0d4a-45d3-be01-bbedae5850c6}</UniqueIdentifier>
    </Filter>
    <Filter Include="Core\Input">
      <UniqueIdentifier>{13627250-ccd2-44d1-adea-40674f93c7f6}</UniqueIdentifier>
    </Filter>
    <Filter Include="Core\Renderer\Mesh">
      <UniqueIdentifier>{e9aba9d1-3864-496e-a254-add1b428e4f6}</UniqueIdentifier>
    </Filter>
    <Filter Include="Core\Utilities">
      <UniqueIdentifier>{01a858af-e01f-4f1e-9e4a-62294deb23f0}</UniqueIdentifier>
    </Filter>
    <Filter Include="Core\Renderer\HardwareBuffers">
      <UniqueIdentifier>{cfe7c737-303c-46b8-be95-57eb25c863b4}</UniqueIdentifier>
    </Filter>
    <Filter Include="Core\Resources">
      <UniqueIdentifier>{38728e30-1f4d-4acc-8916-81e14e5f87e4}</UniqueIdentifier>
    </Filter>
    <Filter Include="Core\Renderer\OpenGL">
      <UniqueIdentifier>{1b2cf744-7fdc-4a85-acda-a8160f3676f8}</UniqueIdentifier>
    </Filter>
    <Filter Include="FileSystem">
      <UniqueIdentifier>{2346b487-e429-4ef1-8d05-1553410ae511}</UniqueIdentifier>
    </Filter>
    <Filter Include="Core\Systems">
      <UniqueIdentifier>{1b62819e-1a61-4bf0-aa68-0d37ee82c517}</UniqueIdentifier>
    </Filter>
    <Filter Include="Core\Renderer\Queues">
      <UniqueIdentifier>{06d894e4-9ff4-4292-b9f6-974d317c96d7}</UniqueIdentifier>
    </Filter>
    <Filter Include="Core\Renderer\Shaders">
      <UniqueIdentifier>{516b8f6e-5d4e-4179-9e60-59ba6d460ee4}</UniqueIdentifier>
    </Filter>
    <Filter Include="Core\Entities">
      <UniqueIdentifier>{0afcd029-20f4-4060-898d-392b3b69d0bf}</UniqueIdentifier>
    </Filter>
    <Filter Include="Core\UI">
      <UniqueIdentifier>{db56efe7-d94e-4fc3-b68c-d39ff4882604}</UniqueIdentifier>
    </Filter>
    <Filter Include="Core\Properties">
      <UniqueIdentifier>{289f0319-a67e-4bcc-8fee-b3481c4e7dc2}</UniqueIdentifier>
    </Filter>
  </ItemGroup>
  <ItemGroup>
    <ClInclude Include="stdafx.h">
      <Filter>_Maintanance</Filter>
    </ClInclude>
    <ClInclude Include="_Link.h">
      <Filter>_Maintanance</Filter>
    </ClInclude>
    <ClInclude Include="GameObject.h">
      <Filter>Game</Filter>
    </ClInclude>
    <ClInclude Include="IController.h">
      <Filter>Game</Filter>
    </ClInclude>
    <ClInclude Include="IComponent.h">
      <Filter>Game</Filter>
    </ClInclude>
    <ClInclude Include="GameContext.h">
      <Filter>Game</Filter>
    </ClInclude>
    <ClInclude Include="IMovable.h">
      <Filter>Game</Filter>
    </ClInclude>
    <ClInclude Include="GameCoreAPI.h">
      <Filter>_Maintanance</Filter>
    </ClInclude>
    <ClInclude Include="TimeController.h">
      <Filter>TimeManagement</Filter>
    </ClInclude>
    <ClInclude Include="Composer\ObjectSettings.h">
      <Filter>Composer</Filter>
    </ClInclude>
    <ClInclude Include="Composer\IComponentSerializer.h">
      <Filter>Composer</Filter>
    </ClInclude>
    <ClInclude Include="Composer\IObjectComposer.h">
      <Filter>Composer</Filter>
    </ClInclude>
    <ClInclude Include="GameInfo.h">
      <Filter>Game</Filter>
    </ClInclude>
    <ClInclude Include="Core.h">
      <Filter>Core</Filter>
    </ClInclude>
    <ClInclude Include="CoreDelegate.h">
      <Filter>Core</Filter>
    </ClInclude>
    <ClInclude Include="TypeDefinitions.h">
      <Filter>Core</Filter>
    </ClInclude>
    <ClInclude Include="Applications\ApplicationBase.h">
      <Filter>Core\Application</Filter>
    </ClInclude>
    <ClInclude Include="Applications\Application_Windows.h">
      <Filter>Core\Application\Win</Filter>
    </ClInclude>
    <ClInclude Include="Platform.h">
      <Filter>Core</Filter>
    </ClInclude>
    <ClInclude Include="Input\InputSystem.h">
      <Filter>Core\Input</Filter>
    </ClInclude>
    <ClInclude Include="Input\InputEvent.h">
      <Filter>Core\Input</Filter>
    </ClInclude>
    <ClInclude Include="Input\InputSubscriber.h">
      <Filter>Core\Input</Filter>
    </ClInclude>
    <ClInclude Include="Input\Keyboard.h">
      <Filter>Core\Input</Filter>
    </ClInclude>
    <ClInclude Include="GenericHandle.h">
      <Filter>Core\Utilities</Filter>
    </ClInclude>
    <ClInclude Include="Render\OpenGL\GlUitlities.h">
      <Filter>Core\Renderer\OpenGL</Filter>
    </ClInclude>
    <ClInclude Include="Render\OpenGL\OpenGLRenderer.h">
      <Filter>Core\Renderer\OpenGL</Filter>
    </ClInclude>
    <ClInclude Include="Render\HardwareBuffer.h">
      <Filter>Core\Renderer\HardwareBuffers</Filter>
    </ClInclude>
    <ClInclude Include="Render\HardwareIndexBuffer.h">
      <Filter>Core\Renderer\HardwareBuffers</Filter>
    </ClInclude>
    <ClInclude Include="Render\HardwareVertexBuffer.h">
      <Filter>Core\Renderer\HardwareBuffers</Filter>
    </ClInclude>
    <ClInclude Include="Render\IRenderer.h">
      <Filter>Core\Renderer</Filter>
    </ClInclude>
    <ClInclude Include="Render\Mesh.h">
      <Filter>Core\Renderer\Mesh</Filter>
    </ClInclude>
    <ClInclude Include="Render\MeshComponent.h">
      <Filter>Core\Renderer\Mesh</Filter>
    </ClInclude>
    <ClInclude Include="Render\RenderTypes.h">
      <Filter>Core\Renderer</Filter>
    </ClInclude>
    <ClInclude Include="Render\VertexDeclaration.h">
      <Filter>Core\Renderer\HardwareBuffers</Filter>
    </ClInclude>
    <ClInclude Include="Resources\ResourceInformation.h">
      <Filter>Core\Resources</Filter>
    </ClInclude>
    <ClInclude Include="Render\OpenGL\HardwareBufferManager.h">
      <Filter>Core\Renderer\OpenGL</Filter>
    </ClInclude>
    <ClInclude Include="Render\HardwareBufferManagerBase.h">
      <Filter>Core\Renderer\HardwareBuffers</Filter>
    </ClInclude>
    <ClInclude Include="FileSystem\FileSystem.h">
      <Filter>FileSystem</Filter>
    </ClInclude>
    <ClInclude Include="Render\Camera.h">
      <Filter>Core\Renderer</Filter>
    </ClInclude>
    <ClInclude Include="Render\Frustum.h">
      <Filter>Core\Renderer</Filter>
    </ClInclude>
    <ClInclude Include="Render\Viewport.h">
      <Filter>Core\Renderer</Filter>
    </ClInclude>
    <ClInclude Include="World.h">
      <Filter>Core</Filter>
    </ClInclude>
    <ClInclude Include="System.h">
      <Filter>Core</Filter>
    </ClInclude>
    <ClInclude Include="Systems\MeshSystem.h">
      <Filter>Core\Systems</Filter>
    </ClInclude>
    <ClInclude Include="Resources\ResourceManager.h">
      <Filter>Core\Resources</Filter>
    </ClInclude>
    <ClInclude Include="FileSystem\Stream.h">
      <Filter>FileSystem</Filter>
    </ClInclude>
    <ClInclude Include="FileSystem\FileStream.h">
      <Filter>FileSystem</Filter>
    </ClInclude>
    <ClInclude Include="Render\CommandBucket.h">
      <Filter>Core\Renderer\Queues</Filter>
    </ClInclude>
    <ClInclude Include="Render\CommandPacket.h">
      <Filter>Core\Renderer\Queues</Filter>
    </ClInclude>
    <ClInclude Include="Render\RenderWorld.h">
      <Filter>Core\Renderer\Queues</Filter>
    </ClInclude>
    <ClInclude Include="Render\Commands.h">
      <Filter>Core\Renderer\Queues</Filter>
    </ClInclude>
    <ClInclude Include="Render\ShaderSystem.h">
      <Filter>Core\Renderer\Shaders</Filter>
    </ClInclude>
    <ClInclude Include="Render\ShaderCompiler.h">
      <Filter>Core\Renderer\Shaders</Filter>
    </ClInclude>
    <ClInclude Include="Render\Shader.h">
      <Filter>Core\Renderer\Shaders</Filter>
    </ClInclude>
    <ClInclude Include="Render\OpenGL\GLShaderCompiler.h">
      <Filter>Core\Renderer\OpenGL</Filter>
    </ClInclude>
    <ClInclude Include="EntityManager.h">
      <Filter>Core\Entities</Filter>
    </ClInclude>
    <ClInclude Include="Component.h">
      <Filter>Core\Entities</Filter>
    </ClInclude>
    <ClInclude Include="Entity.h">
      <Filter>Core\Entities</Filter>
    </ClInclude>
    <ClInclude Include="Systems\TransformationsSystem.h">
      <Filter>Core\Systems</Filter>
    </ClInclude>
    <ClInclude Include="UI\UIScreen.h">
      <Filter>Core\UI</Filter>
    </ClInclude>
    <ClInclude Include="UI\UIButton.h">
      <Filter>Core\UI</Filter>
    </ClInclude>
    <ClInclude Include="UI\UIControl.h">
      <Filter>Core\UI</Filter>
    </ClInclude>
    <ClInclude Include="UI\UIControlSystem.h">
      <Filter>Core\UI</Filter>
    </ClInclude>
    <ClInclude Include="BaseTypesHashes.h">
      <Filter>Core\Utilities</Filter>
    </ClInclude>
    <ClInclude Include="PropertyElement.h">
      <Filter>Core\Properties</Filter>
    </ClInclude>
    <ClInclude Include="PropertyReader.h">
      <Filter>Core\Properties</Filter>
    </ClInclude>
    <ClInclude Include="PropertyReaders.h">
      <Filter>Core\Properties</Filter>
    </ClInclude>
    <ClInclude Include="UI\UITypes.h">
      <Filter>Core\UI</Filter>
    </ClInclude>
    <ClInclude Include="Render\Light.h">
      <Filter>Core\Renderer</Filter>
    </ClInclude>
    <ClInclude Include="Render\LightsController.h">
      <Filter>Core\Renderer</Filter>
    </ClInclude>
    <ClInclude Include="Render\OpenGL\GLLightsController.h">
      <Filter>Core\Renderer\OpenGL</Filter>
    </ClInclude>
  </ItemGroup>
  <ItemGroup>
    <ClCompile Include="stdafx.cpp">
      <Filter>_Maintanance</Filter>
    </ClCompile>
    <ClCompile Include="GameObject.cpp">
      <Filter>Game</Filter>
    </ClCompile>
    <ClCompile Include="_LinkLibraries.cpp">
      <Filter>_Maintanance</Filter>
    </ClCompile>
    <ClCompile Include="TimeController.cpp">
      <Filter>TimeManagement</Filter>
    </ClCompile>
    <ClCompile Include="GameContext.cpp">
      <Filter>Game</Filter>
    </ClCompile>
    <ClCompile Include="Composer\ObjectSettings.cpp">
      <Filter>Composer</Filter>
    </ClCompile>
    <ClCompile Include="Core.cpp">
      <Filter>Core</Filter>
    </ClCompile>
    <ClCompile Include="Applications\ApplicationBase.cpp">
      <Filter>Core\Application</Filter>
    </ClCompile>
    <ClCompile Include="Applications\Application_Windows.cpp">
      <Filter>Core\Application\Win</Filter>
    </ClCompile>
    <ClCompile Include="Input\InputSystem.cpp">
      <Filter>Core\Input</Filter>
    </ClCompile>
    <ClCompile Include="Render\OpenGL\GLUtilities.cpp">
      <Filter>Core\Renderer\OpenGL</Filter>
    </ClCompile>
    <ClCompile Include="Render\OpenGL\OpenGLRenderer.cpp">
      <Filter>Core\Renderer\OpenGL</Filter>
    </ClCompile>
    <ClCompile Include="Render\Mesh.cpp">
      <Filter>Core\Renderer\Mesh</Filter>
    </ClCompile>
    <ClCompile Include="Render\OpenGL\HardwareBufferManager.cpp">
      <Filter>Core\Renderer\OpenGL</Filter>
    </ClCompile>
    <ClCompile Include="FileSystem\FileSystem.cpp">
      <Filter>FileSystem</Filter>
    </ClCompile>
    <ClCompile Include="Render\Frustum.cpp">
      <Filter>Core\Renderer</Filter>
    </ClCompile>
    <ClCompile Include="Render\Camera.cpp">
      <Filter>Core\Renderer</Filter>
    </ClCompile>
    <ClCompile Include="World.cpp">
      <Filter>Core</Filter>
    </ClCompile>
    <ClCompile Include="Systems\MeshSystem.cpp">
      <Filter>Core\Systems</Filter>
    </ClCompile>
    <ClCompile Include="Resources\ResourceManager.cpp">
      <Filter>Core\Resources</Filter>
    </ClCompile>
    <ClCompile Include="FileSystem\FileStream.cpp">
      <Filter>FileSystem</Filter>
    </ClCompile>
    <ClCompile Include="Render\RenderWorld.cpp">
      <Filter>Core\Renderer\Queues</Filter>
    </ClCompile>
    <ClCompile Include="Render\Commands.cpp">
      <Filter>Core\Renderer\Queues</Filter>
    </ClCompile>
    <ClCompile Include="Render\ShaderSystem.cpp">
      <Filter>Core\Renderer\Shaders</Filter>
    </ClCompile>
    <ClCompile Include="Render\OpenGL\GLShaderCompiler.cpp">
      <Filter>Core\Renderer\OpenGL</Filter>
    </ClCompile>
    <ClCompile Include="EntityManager.cpp">
      <Filter>Core\Entities</Filter>
    </ClCompile>
    <ClCompile Include="Systems\TransformationsSystem.cpp">
      <Filter>Core\Systems</Filter>
    </ClCompile>
    <ClCompile Include="UI\UIButton.cpp">
      <Filter>Core\UI</Filter>
    </ClCompile>
    <ClCompile Include="UI\UIScreen.cpp">
      <Filter>Core\UI</Filter>
    </ClCompile>
    <ClCompile Include="UI\UIControl.cpp">
      <Filter>Core\UI</Filter>
    </ClCompile>
    <ClCompile Include="UI\UIControlSystem.cpp">
      <Filter>Core\UI</Filter>
    </ClCompile>
    <ClCompile Include="PropertyReaders.cpp">
      <Filter>Core\Properties</Filter>
    </ClCompile>
    <ClCompile Include="UI\UIRegistrar.cpp">
      <Filter>Core\UI</Filter>
    </ClCompile>
    <ClCompile Include="Render\OpenGL\GLLightsController.cpp">
      <Filter>Core\Renderer\OpenGL</Filter>
    </ClCompile>
  </ItemGroup>
</Project>