<?xml version="1.0" encoding="utf-8"?>
<Project ToolsVersion="4.0" xmlns="http://schemas.microsoft.com/developer/msbuild/2003">
  <ItemGroup>
    <Filter Include="_Maintanance">
      <UniqueIdentifier>{93995380-89BD-4b04-88EB-625FBE52EBFB}</UniqueIdentifier>
      <Extensions>h;hpp;hxx;hm;inl;inc;xsd</Extensions>
    </Filter>
    <Filter Include="Game">
      <UniqueIdentifier>{4FC737F1-C7A5-4376-A066-2A32D752A2FF}</UniqueIdentifier>
      <Extensions>cpp;c;cc;cxx;def;odl;idl;hpj;bat;asm;asmx</Extensions>
    </Filter>
    <Filter Include="TimeManagement">
      <UniqueIdentifier>{f0074ac3-9a2e-43fc-b125-cfd4320295e4}</UniqueIdentifier>
    </Filter>
    <Filter Include="Composer">
      <UniqueIdentifier>{f4822b5d-6bb3-48df-82df-1e9c651b97cf}</UniqueIdentifier>
    </Filter>
    <Filter Include="Core">
      <UniqueIdentifier>{3d0b30b8-0150-4975-a7e8-d60cfe28c854}</UniqueIdentifier>
    </Filter>
    <Filter Include="Core\Application">
      <UniqueIdentifier>{4b3de89a-53fe-4c8e-b308-729528f5f8a4}</UniqueIdentifier>
    </Filter>
    <Filter Include="Core\Application\Win">
      <UniqueIdentifier>{daefe891-9dbd-4fef-b7b0-8dd06d107ab7}</UniqueIdentifier>
    </Filter>
    <Filter Include="Core\Renderer">
      <UniqueIdentifier>{f828f8e9-0d4a-45d3-be01-bbedae5850c6}</UniqueIdentifier>
    </Filter>
  </ItemGroup>
  <ItemGroup>
    <ClInclude Include="stdafx.h">
      <Filter>_Maintanance</Filter>
    </ClInclude>
    <ClInclude Include="_Link.h">
      <Filter>_Maintanance</Filter>
    </ClInclude>
    <ClInclude Include="GameObject.h">
      <Filter>Game</Filter>
    </ClInclude>
    <ClInclude Include="IController.h">
      <Filter>Game</Filter>
    </ClInclude>
    <ClInclude Include="IComponent.h">
      <Filter>Game</Filter>
    </ClInclude>
    <ClInclude Include="GameContext.h">
      <Filter>Game</Filter>
    </ClInclude>
    <ClInclude Include="IMovable.h">
      <Filter>Game</Filter>
    </ClInclude>
    <ClInclude Include="GameCoreAPI.h">
      <Filter>_Maintanance</Filter>
    </ClInclude>
    <ClInclude Include="Types.h">
      <Filter>Game</Filter>
    </ClInclude>
    <ClInclude Include="TimeController.h">
      <Filter>TimeManagement</Filter>
    </ClInclude>
    <ClInclude Include="Composer\ObjectSettings.h">
      <Filter>Composer</Filter>
    </ClInclude>
    <ClInclude Include="Composer\IComponentSerializer.h">
      <Filter>Composer</Filter>
    </ClInclude>
    <ClInclude Include="Composer\IObjectComposer.h">
      <Filter>Composer</Filter>
    </ClInclude>
    <ClInclude Include="GameInfo.h">
      <Filter>Game</Filter>
    </ClInclude>
    <ClInclude Include="Core.h">
      <Filter>Core</Filter>
    </ClInclude>
    <ClInclude Include="CoreDelegate.h">
      <Filter>Core</Filter>
    </ClInclude>
    <ClInclude Include="TypeDefinitions.h">
      <Filter>Core</Filter>
    </ClInclude>
    <ClInclude Include="Applications\ApplicationBase.h">
      <Filter>Core\Application</Filter>
    </ClInclude>
    <ClInclude Include="Applications\Application_Windows.h">
      <Filter>Core\Application\Win</Filter>
    </ClInclude>
    <ClInclude Include="Renderer\IRenderer.h">
      <Filter>Core\Renderer</Filter>
    </ClInclude>
    <ClInclude Include="Renderer\OpenGLRenderer.h">
      <Filter>Core\Renderer</Filter>
    </ClInclude>
    <ClInclude Include="Platform.h">
      <Filter>Core</Filter>
    </ClInclude>
  </ItemGroup>
  <ItemGroup>
    <ClCompile Include="stdafx.cpp">
      <Filter>_Maintanance</Filter>
    </ClCompile>
    <ClCompile Include="GameObject.cpp">
      <Filter>Game</Filter>
    </ClCompile>
    <ClCompile Include="_LinkLibraries.cpp">
      <Filter>_Maintanance</Filter>
    </ClCompile>
    <ClCompile Include="TimeController.cpp">
      <Filter>TimeManagement</Filter>
    </ClCompile>
    <ClCompile Include="GameContext.cpp">
      <Filter>Game</Filter>
    </ClCompile>
    <ClCompile Include="Composer\ObjectSettings.cpp">
      <Filter>Composer</Filter>
    </ClCompile>
    <ClCompile Include="Core.cpp">
      <Filter>Core</Filter>
    </ClCompile>
    <ClCompile Include="Applications\ApplicationBase.cpp">
      <Filter>Core\Application</Filter>
    </ClCompile>
    <ClCompile Include="Applications\Application_Windows.cpp">
      <Filter>Core\Application\Win</Filter>
    </ClCompile>
    <ClCompile Include="Renderer\OpenGLRenderer.cpp">
      <Filter>Core\Renderer</Filter>
    </ClCompile>
  </ItemGroup>
</Project>