<?xml version="1.0" encoding="utf-8"?>
<Project ToolsVersion="4.0" xmlns="http://schemas.microsoft.com/developer/msbuild/2003">
  <ItemGroup>
    <Filter Include="_Maintanance">
      <UniqueIdentifier>{93995380-89BD-4b04-88EB-625FBE52EBFB}</UniqueIdentifier>
      <Extensions>h;hh;hpp;hxx;hm;inl;inc;xsd</Extensions>
    </Filter>
    <Filter Include="DataStucture">
      <UniqueIdentifier>{2009f363-6f6d-4d22-b59a-512bceeead37}</UniqueIdentifier>
    </Filter>
  </ItemGroup>
  <ItemGroup>
    <ClInclude Include="stdafx.h">
      <Filter>_Maintanance</Filter>
    </ClInclude>
    <ClInclude Include="_Link.h">
      <Filter>_Maintanance</Filter>
    </ClInclude>
    <ClInclude Include="GraphsAPI.h">
      <Filter>_Maintanance</Filter>
    </ClInclude>
    <ClInclude Include="GraphNode.h">
      <Filter>DataStucture</Filter>
    </ClInclude>
    <ClInclude Include="Graph.h">
      <Filter>DataStucture</Filter>
    </ClInclude>
    <ClInclude Include="Connection.h">
      <Filter>DataStucture</Filter>
    </ClInclude>
  </ItemGroup>
  <ItemGroup>
    <ClCompile Include="stdafx.cpp">
      <Filter>_Maintanance</Filter>
    </ClCompile>
    <ClCompile Include="Graph.cpp">
      <Filter>DataStucture</Filter>
    </ClCompile>
    <ClCompile Include="GraphNode.cpp">
      <Filter>DataStucture</Filter>
    </ClCompile>
  </ItemGroup>
</Project>