<?xml version="1.0" encoding="utf-8"?>
<Project ToolsVersion="4.0" xmlns="http://schemas.microsoft.com/developer/msbuild/2003">
  <ItemGroup>
    <Filter Include="Time">
      <UniqueIdentifier>{67DA6AB6-F800-4c08-8B7A-83BB121AAD01}</UniqueIdentifier>
      <Extensions>rc;ico;cur;bmp;dlg;rc2;rct;bin;rgs;gif;jpg;jpeg;jpe;resx;tiff;tif;png;wav;mfcribbon-ms</Extensions>
    </Filter>
    <Filter Include="_Maintanance">
      <UniqueIdentifier>{93995380-89BD-4b04-88EB-625FBE52EBFB}</UniqueIdentifier>
      <Extensions>h;hpp;hxx;hm;inl;inc;xsd</Extensions>
    </Filter>
    <Filter Include="Common">
      <UniqueIdentifier>{6a78eca6-c77d-4ccf-9343-fc42243c7024}</UniqueIdentifier>
    </Filter>
    <Filter Include="XML">
      <UniqueIdentifier>{c0817339-6d4a-4964-b122-c142e08562c1}</UniqueIdentifier>
    </Filter>
    <Filter Include="Strings">
      <UniqueIdentifier>{21873871-1886-4895-8cbf-e172a525a245}</UniqueIdentifier>
    </Filter>
    <Filter Include="tinyxml">
      <UniqueIdentifier>{e481eb1f-985a-4f04-94ef-bdf46f261d30}</UniqueIdentifier>
    </Filter>
  </ItemGroup>
  <ItemGroup>
    <ClInclude Include="..\..\..\Sources\Utilities\stdafx.h">
      <Filter>_Maintanance</Filter>
    </ClInclude>
    <ClInclude Include="..\..\..\Sources\Utilities\_Link.h">
      <Filter>_Maintanance</Filter>
    </ClInclude>
    <ClInclude Include="..\..\..\Sources\Utilities\UtilitiesAPI.h">
      <Filter>_Maintanance</Filter>
    </ClInclude>
    <ClInclude Include="..\..\..\Sources\Utilities\TimeUtilities.h">
      <Filter>Time</Filter>
    </ClInclude>
    <ClInclude Include="..\..\..\Sources\Utilities\TypeDefines.h">
      <Filter>Common</Filter>
    </ClInclude>
    <ClInclude Include="..\..\..\Sources\Utilities\TemplateChecks.h">
      <Filter>Common</Filter>
    </ClInclude>
    <ClInclude Include="..\..\..\Sources\Utilities\XmlUtilities.h">
      <Filter>XML</Filter>
    </ClInclude>
    <ClInclude Include="..\..\..\Sources\Utilities\StringUtilities.h">
      <Filter>Strings</Filter>
    </ClInclude>
    <ClInclude Include="..\..\..\Sources\Utilities\ConversionsUtilities.h">
      <Filter>Common</Filter>
    </ClInclude>
    <ClInclude Include="..\..\..\Sources\Utilities\noncopyable.h">
      <Filter>Common</Filter>
    </ClInclude>
    <ClInclude Include="..\..\..\Sources\Utilities\ConstString.h">
      <Filter>Strings</Filter>
    </ClInclude>
    <ClInclude Include="..\..\..\Sources\Utilities\HashFunctions.h">
      <Filter>Strings</Filter>
    </ClInclude>
    <ClInclude Include="..\..\..\Sources\Utilities\any.h">
      <Filter>Common</Filter>
    </ClInclude>
    <ClInclude Include="..\..\..\Sources\Utilities\lexical_cast.h">
      <Filter>Common</Filter>
    </ClInclude>
    <ClInclude Include="..\..\..\Sources\Utilities\CustomScopedObject.h">
      <Filter>Common</Filter>
    </ClInclude>
    <ClInclude Include="..\..\..\Sources\Utilities\type_index.h">
      <Filter>Common</Filter>
    </ClInclude>
    <ClInclude Include="..\..\..\Sources\Utilities\tinyxml\tinystr.h">
      <Filter>tinyxml</Filter>
    </ClInclude>
    <ClInclude Include="..\..\..\Sources\Utilities\tinyxml\tinyxml.h">
      <Filter>tinyxml</Filter>
    </ClInclude>
  </ItemGroup>
  <ItemGroup>
    <ClCompile Include="..\..\..\Sources\Utilities\stdafx.cpp">
      <Filter>_Maintanance</Filter>
    </ClCompile>
    <ClCompile Include="..\..\..\Sources\Utilities\TimeUtilities.cpp">
      <Filter>Time</Filter>
    </ClCompile>
    <ClCompile Include="..\..\..\Sources\Utilities\XmlUtilities.cpp">
      <Filter>XML</Filter>
    </ClCompile>
    <ClCompile Include="..\..\..\Sources\Utilities\StringUtilities.cpp">
      <Filter>Strings</Filter>
    </ClCompile>
    <ClCompile Include="..\..\..\Sources\Utilities\ConversionUtilities.cpp">
      <Filter>Common</Filter>
    </ClCompile>
    <ClCompile Include="..\..\..\Sources\Utilities\HashFunctions.cpp">
      <Filter>Strings</Filter>
    </ClCompile>
    <ClCompile Include="..\..\..\Sources\Utilities\tinyxml\tinystr.cpp">
      <Filter>tinyxml</Filter>
    </ClCompile>
    <ClCompile Include="..\..\..\Sources\Utilities\tinyxml\tinyxml.cpp">
      <Filter>tinyxml</Filter>
    </ClCompile>
    <ClCompile Include="..\..\..\Sources\Utilities\tinyxml\tinyxmlerror.cpp">
      <Filter>tinyxml</Filter>
    </ClCompile>
    <ClCompile Include="..\..\..\Sources\Utilities\tinyxml\tinyxmlparser.cpp">
      <Filter>tinyxml</Filter>
    </ClCompile>
  </ItemGroup>
</Project>