<?xml version="1.0" encoding="utf-8"?>
<Project ToolsVersion="4.0" xmlns="http://schemas.microsoft.com/developer/msbuild/2003">
  <ItemGroup>
    <Filter Include="EventManaging">
      <UniqueIdentifier>{4FC737F1-C7A5-4376-A066-2A32D752A2FF}</UniqueIdentifier>
      <Extensions>cpp;c;cc;cxx;def;odl;idl;hpj;bat;asm;asmx</Extensions>
    </Filter>
    <Filter Include="_Maintanance">
      <UniqueIdentifier>{93995380-89BD-4b04-88EB-625FBE52EBFB}</UniqueIdentifier>
      <Extensions>h;hpp;hxx;hm;inl;inc;xsd</Extensions>
    </Filter>
    <Filter Include="Polling">
      <UniqueIdentifier>{61fabfe8-1adc-4f72-a03f-229a8911e3f7}</UniqueIdentifier>
    </Filter>
    <Filter Include="EventManaging\Base">
      <UniqueIdentifier>{be2c093e-a187-446a-8fed-3b141832193f}</UniqueIdentifier>
    </Filter>
  </ItemGroup>
  <ItemGroup>
    <ClInclude Include="stdafx.h">
      <Filter>_Maintanance</Filter>
    </ClInclude>
    <ClInclude Include="_Link.h">
      <Filter>_Maintanance</Filter>
    </ClInclude>
    <ClInclude Include="WorldInterfacingAPI.h">
      <Filter>_Maintanance</Filter>
    </ClInclude>
    <ClInclude Include="TypeDefines.h">
      <Filter>_Maintanance</Filter>
    </ClInclude>
    <ClInclude Include="EventListenerBroadCasting.h">
      <Filter>EventManaging</Filter>
    </ClInclude>
    <ClInclude Include="EventListenerNarrowCasting.h">
      <Filter>EventManaging</Filter>
    </ClInclude>
    <ClInclude Include="Event.h">
      <Filter>EventManaging\Base</Filter>
    </ClInclude>
    <ClInclude Include="EventListener.h">
      <Filter>EventManaging\Base</Filter>
    </ClInclude>
    <ClInclude Include="EventManager.h">
      <Filter>EventManaging\Base</Filter>
    </ClInclude>
    <ClInclude Include="PollingTask.h">
      <Filter>Polling</Filter>
    </ClInclude>
    <ClInclude Include="PollingStation.h">
      <Filter>Polling</Filter>
    </ClInclude>
  </ItemGroup>
  <ItemGroup>
    <ClCompile Include="stdafx.cpp">
      <Filter>_Maintanance</Filter>
    </ClCompile>
    <ClCompile Include="EventListenerBroadCasting.cpp">
      <Filter>EventManaging</Filter>
    </ClCompile>
    <ClCompile Include="EventListenerNarrowCasting.cpp">
      <Filter>EventManaging</Filter>
    </ClCompile>
    <ClCompile Include="Event.cpp">
      <Filter>EventManaging\Base</Filter>
    </ClCompile>
    <ClCompile Include="EventListener.cpp">
      <Filter>EventManaging\Base</Filter>
    </ClCompile>
    <ClCompile Include="EventManager.cpp">
      <Filter>EventManaging\Base</Filter>
    </ClCompile>
  </ItemGroup>
</Project>