<?xml version="1.0" encoding="utf-8"?>
<Project ToolsVersion="4.0" xmlns="http://schemas.microsoft.com/developer/msbuild/2003">
  <ItemGroup>
    <Filter Include="_Maintanance">
      <UniqueIdentifier>{93995380-89BD-4b04-88EB-625FBE52EBFB}</UniqueIdentifier>
      <Extensions>h;hh;hpp;hxx;hm;inl;inc;xsd</Extensions>
    </Filter>
    <Filter Include="DecisionTrees">
      <UniqueIdentifier>{d7630293-8b24-4965-a132-40ceec97cf12}</UniqueIdentifier>
    </Filter>
    <Filter Include="Base">
      <UniqueIdentifier>{88d09a67-be30-414f-932e-6d1b6230cf3f}</UniqueIdentifier>
    </Filter>
  </ItemGroup>
  <ItemGroup>
    <ClInclude Include="..\..\..\Sources\DecisionMaking\DecisionMakingAPI.h">
      <Filter>_Maintanance</Filter>
    </ClInclude>
    <ClInclude Include="..\..\..\Sources\DecisionMaking\DecisionTrees\Decision.h">
      <Filter>_Maintanance</Filter>
    </ClInclude>
    <ClInclude Include="..\..\..\Sources\DecisionMaking\DecisionTrees\DecisionTreeNode.h">
      <Filter>_Maintanance</Filter>
    </ClInclude>
    <ClInclude Include="..\..\..\Sources\DecisionMaking\DecisionTrees\DecitionTree.h">
      <Filter>_Maintanance</Filter>
    </ClInclude>
    <ClInclude Include="..\..\..\Sources\DecisionMaking\Exceptions.h">
      <Filter>_Maintanance</Filter>
    </ClInclude>
    <ClInclude Include="..\..\..\Sources\DecisionMaking\stdafx.h">
      <Filter>_Maintanance</Filter>
    </ClInclude>
    <ClInclude Include="..\..\..\Sources\DecisionMaking\_Link.h">
      <Filter>_Maintanance</Filter>
    </ClInclude>
  </ItemGroup>
  <ItemGroup>
    <ClCompile Include="..\..\..\Sources\DecisionMaking\DecisionTrees\DecisionTree.cpp" />
    <ClCompile Include="..\..\..\Sources\DecisionMaking\stdafx.cpp" />
  </ItemGroup>
</Project>