<?xml version="1.0" encoding="utf-8"?>
<Project ToolsVersion="4.0" xmlns="http://schemas.microsoft.com/developer/msbuild/2003">
  <ItemGroup>
    <Filter Include="_Maintanance">
      <UniqueIdentifier>{93995380-89BD-4b04-88EB-625FBE52EBFB}</UniqueIdentifier>
      <Extensions>h;hpp;hxx;hm;inl;inc;xsd</Extensions>
    </Filter>
    <Filter Include="Math">
      <UniqueIdentifier>{4FC737F1-C7A5-4376-A066-2A32D752A2FF}</UniqueIdentifier>
      <Extensions>cpp;c;cc;cxx;def;odl;idl;hpj;bat;asm;asmx</Extensions>
    </Filter>
    <Filter Include="Math\Vector">
      <UniqueIdentifier>{28bc6a39-0271-4925-8c2e-0289738afb67}</UniqueIdentifier>
    </Filter>
    <Filter Include="Math\Shapes">
      <UniqueIdentifier>{fd94fe0a-745e-4a78-bc31-cc53722958f4}</UniqueIdentifier>
    </Filter>
    <Filter Include="Math\Matrix">
      <UniqueIdentifier>{c2abeb7d-ad2e-450e-bf98-8483c75904bf}</UniqueIdentifier>
    </Filter>
    <Filter Include="Math\Quaternion">
      <UniqueIdentifier>{df0b508a-5d52-40b2-bf68-0442fa63be1e}</UniqueIdentifier>
    </Filter>
  </ItemGroup>
  <ItemGroup>
    <ClInclude Include="..\..\..\Sources\Math\stdafx.h">
      <Filter>_Maintanance</Filter>
    </ClInclude>
    <ClInclude Include="..\..\..\Sources\Math\_Link.h">
      <Filter>_Maintanance</Filter>
    </ClInclude>
    <ClInclude Include="..\..\..\Sources\Math\MathAPI.h">
      <Filter>_Maintanance</Filter>
    </ClInclude>
    <ClInclude Include="..\..\..\Sources\Math\CrossProductCalculator.h">
      <Filter>Math\Vector</Filter>
    </ClInclude>
    <ClInclude Include="..\..\..\Sources\Math\Vector.h">
      <Filter>Math\Vector</Filter>
    </ClInclude>
    <ClInclude Include="..\..\..\Sources\Math\VectorImpl.h">
      <Filter>Math\Vector</Filter>
    </ClInclude>
    <ClInclude Include="..\..\..\Sources\Math\VectorUtilities.h">
      <Filter>Math\Vector</Filter>
    </ClInclude>
    <ClInclude Include="..\..\..\Sources\Math\VectorConstructor.h">
      <Filter>Math\Vector</Filter>
    </ClInclude>
    <ClInclude Include="..\..\..\Sources\Math\Rectangle.h">
      <Filter>Math\Shapes</Filter>
    </ClInclude>
    <ClInclude Include="..\..\..\Sources\Math\Matrix.h">
      <Filter>Math\Matrix</Filter>
    </ClInclude>
    <ClInclude Include="..\..\..\Sources\Math\MatrixImpl.h">
      <Filter>Math\Matrix</Filter>
    </ClInclude>
    <ClInclude Include="..\..\..\Sources\Math\MatrixUtilities.h">
      <Filter>Math\Matrix</Filter>
    </ClInclude>
    <ClInclude Include="..\..\..\Sources\Math\Matrix4.h">
      <Filter>Math\Matrix</Filter>
    </ClInclude>
    <ClInclude Include="..\..\..\Sources\Math\Quaternion.h">
      <Filter>Math\Quaternion</Filter>
    </ClInclude>
    <ClInclude Include="..\..\..\Sources\Math\QuaternionImpl.h">
      <Filter>Math\Quaternion</Filter>
    </ClInclude>
    <ClInclude Include="..\..\..\Sources\Math\Line.h">
      <Filter>Math\Shapes</Filter>
    </ClInclude>
    <ClInclude Include="..\..\..\Sources\Math\Utilities.h">
      <Filter>Math\Shapes</Filter>
    </ClInclude>
    <ClInclude Include="..\..\..\Sources\Math\Plane.h">
      <Filter>Math\Shapes</Filter>
    </ClInclude>
    <ClInclude Include="..\..\..\Sources\Math\Ray.h">
      <Filter>Math\Shapes</Filter>
    </ClInclude>
    <ClInclude Include="..\..\..\Sources\Math\Constants.h">
      <Filter>Math</Filter>
    </ClInclude>
    <ClInclude Include="..\..\..\Sources\Math\MathDefinitions.h">
      <Filter>Math</Filter>
    </ClInclude>
  </ItemGroup>
  <ItemGroup>
    <ClCompile Include="..\..\..\Sources\Math\stdafx.cpp">
      <Filter>_Maintanance</Filter>
    </ClCompile>
  </ItemGroup>
</Project>