<?xml version="1.0" encoding="utf-8"?>
<Project ToolsVersion="4.0" xmlns="http://schemas.microsoft.com/developer/msbuild/2003">
  <ItemGroup>
    <Filter Include="_Maintanance">
      <UniqueIdentifier>{93995380-89BD-4b04-88EB-625FBE52EBFB}</UniqueIdentifier>
      <Extensions>h;hh;hpp;hxx;hm;inl;inc;xsd</Extensions>
    </Filter>
    <Filter Include="Net">
      <UniqueIdentifier>{3e1ce76c-a652-4338-84bc-ac14f0124675}</UniqueIdentifier>
    </Filter>
    <Filter Include="Packets">
      <UniqueIdentifier>{70a87070-17f3-4fcc-9cb4-6e588818ebf8}</UniqueIdentifier>
    </Filter>
    <Filter Include="Utilities">
      <UniqueIdentifier>{3de9571c-8bfb-4c53-bf5c-8172e9098b3c}</UniqueIdentifier>
    </Filter>
    <Filter Include="Manager">
      <UniqueIdentifier>{a46edfa1-c513-4d52-bd7b-57ce55f99f54}</UniqueIdentifier>
    </Filter>
  </ItemGroup>
  <ItemGroup>
    <ClInclude Include="..\..\..\Sources\Network\stdafx.h">
      <Filter>_Maintanance</Filter>
    </ClInclude>
    <ClInclude Include="..\..\..\Sources\Network\_Link.h">
      <Filter>_Maintanance</Filter>
    </ClInclude>
    <ClInclude Include="..\..\..\Sources\Network\NetworkAPI.h">
      <Filter>_Maintanance</Filter>
    </ClInclude>
    <ClInclude Include="..\..\..\Sources\Network\Address.h">
      <Filter>Net</Filter>
    </ClInclude>
    <ClInclude Include="..\..\..\Sources\Network\Packet.h">
      <Filter>Packets</Filter>
    </ClInclude>
    <ClInclude Include="..\..\..\Sources\Network\PacketProvider.h">
      <Filter>Packets</Filter>
    </ClInclude>
    <ClInclude Include="..\..\..\Sources\Network\PacketType.h">
      <Filter>Packets</Filter>
    </ClInclude>
    <ClInclude Include="..\..\..\Sources\Network\Connection.h">
      <Filter>Net</Filter>
    </ClInclude>
    <ClInclude Include="..\..\..\Sources\Network\Utilities.h">
      <Filter>Utilities</Filter>
    </ClInclude>
    <ClInclude Include="..\..\..\Sources\Network\ISocket.h">
      <Filter>Net</Filter>
    </ClInclude>
    <ClInclude Include="..\..\..\Sources\Network\SocketImpl.h">
      <Filter>Net</Filter>
    </ClInclude>
    <ClInclude Include="..\..\..\Sources\Network\Net.h">
      <Filter>Utilities</Filter>
    </ClInclude>
    <ClInclude Include="..\..\..\Sources\Network\INetworkController.h">
      <Filter>Manager</Filter>
    </ClInclude>
    <ClInclude Include="..\..\..\Sources\Network\DefaultNetworkController.h">
      <Filter>Manager</Filter>
    </ClInclude>
  </ItemGroup>
  <ItemGroup>
    <ClCompile Include="..\..\..\Sources\Network\stdafx.cpp">
      <Filter>_Maintanance</Filter>
    </ClCompile>
    <ClCompile Include="..\..\..\Sources\Network\Address.cpp">
      <Filter>Net</Filter>
    </ClCompile>
    <ClCompile Include="..\..\..\Sources\Network\PacketProvider.cpp">
      <Filter>Packets</Filter>
    </ClCompile>
    <ClCompile Include="..\..\..\Sources\Network\Connection.cpp">
      <Filter>Net</Filter>
    </ClCompile>
    <ClCompile Include="..\..\..\Sources\Network\Utilities.cpp">
      <Filter>Utilities</Filter>
    </ClCompile>
    <ClCompile Include="..\..\..\Sources\Network\_LinkingLiraries.cpp">
      <Filter>_Maintanance</Filter>
    </ClCompile>
    <ClCompile Include="..\..\..\Sources\Network\SocketImp.cpp">
      <Filter>Net</Filter>
    </ClCompile>
    <ClCompile Include="..\..\..\Sources\Network\DefaultNetworkController.cpp">
      <Filter>Manager</Filter>
    </ClCompile>
  </ItemGroup>
</Project>