<?xml version="1.0" encoding="utf-8"?>
<Project ToolsVersion="4.0" xmlns="http://schemas.microsoft.com/developer/msbuild/2003">
  <ItemGroup>
    <Filter Include="_Maintanance">
      <UniqueIdentifier>{93995380-89BD-4b04-88EB-625FBE52EBFB}</UniqueIdentifier>
      <Extensions>h;hpp;hxx;hm;inl;inc;xsd</Extensions>
    </Filter>
    <Filter Include="Game">
      <UniqueIdentifier>{4FC737F1-C7A5-4376-A066-2A32D752A2FF}</UniqueIdentifier>
      <Extensions>cpp;c;cc;cxx;def;odl;idl;hpj;bat;asm;asmx</Extensions>
    </Filter>
    <Filter Include="TimeManagement">
      <UniqueIdentifier>{f0074ac3-9a2e-43fc-b125-cfd4320295e4}</UniqueIdentifier>
    </Filter>
    <Filter Include="Composer">
      <UniqueIdentifier>{f4822b5d-6bb3-48df-82df-1e9c651b97cf}</UniqueIdentifier>
    </Filter>
    <Filter Include="Core">
      <UniqueIdentifier>{3d0b30b8-0150-4975-a7e8-d60cfe28c854}</UniqueIdentifier>
    </Filter>
    <Filter Include="Core\Application">
      <UniqueIdentifier>{4b3de89a-53fe-4c8e-b308-729528f5f8a4}</UniqueIdentifier>
    </Filter>
    <Filter Include="Core\Application\Win">
      <UniqueIdentifier>{daefe891-9dbd-4fef-b7b0-8dd06d107ab7}</UniqueIdentifier>
    </Filter>
    <Filter Include="Core\Renderer">
      <UniqueIdentifier>{f828f8e9-0d4a-45d3-be01-bbedae5850c6}</UniqueIdentifier>
    </Filter>
    <Filter Include="Core\Input">
      <UniqueIdentifier>{13627250-ccd2-44d1-adea-40674f93c7f6}</UniqueIdentifier>
    </Filter>
    <Filter Include="Core\Renderer\Mesh">
      <UniqueIdentifier>{e9aba9d1-3864-496e-a254-add1b428e4f6}</UniqueIdentifier>
    </Filter>
    <Filter Include="Core\Utilities">
      <UniqueIdentifier>{01a858af-e01f-4f1e-9e4a-62294deb23f0}</UniqueIdentifier>
    </Filter>
    <Filter Include="Core\Renderer\HardwareBuffers">
      <UniqueIdentifier>{cfe7c737-303c-46b8-be95-57eb25c863b4}</UniqueIdentifier>
    </Filter>
    <Filter Include="Core\Resources">
      <UniqueIdentifier>{38728e30-1f4d-4acc-8916-81e14e5f87e4}</UniqueIdentifier>
    </Filter>
    <Filter Include="Core\Renderer\OpenGL">
      <UniqueIdentifier>{1b2cf744-7fdc-4a85-acda-a8160f3676f8}</UniqueIdentifier>
    </Filter>
    <Filter Include="FileSystem">
      <UniqueIdentifier>{2346b487-e429-4ef1-8d05-1553410ae511}</UniqueIdentifier>
    </Filter>
    <Filter Include="Core\Systems">
      <UniqueIdentifier>{1b62819e-1a61-4bf0-aa68-0d37ee82c517}</UniqueIdentifier>
    </Filter>
    <Filter Include="Core\Renderer\Shaders">
      <UniqueIdentifier>{516b8f6e-5d4e-4179-9e60-59ba6d460ee4}</UniqueIdentifier>
    </Filter>
    <Filter Include="Core\Entities">
      <UniqueIdentifier>{0afcd029-20f4-4060-898d-392b3b69d0bf}</UniqueIdentifier>
    </Filter>
    <Filter Include="Core\UI">
      <UniqueIdentifier>{db56efe7-d94e-4fc3-b68c-d39ff4882604}</UniqueIdentifier>
    </Filter>
    <Filter Include="Core\Properties">
      <UniqueIdentifier>{289f0319-a67e-4bcc-8fee-b3481c4e7dc2}</UniqueIdentifier>
    </Filter>
    <Filter Include="Core\Renderer\RenderWorld">
      <UniqueIdentifier>{06d894e4-9ff4-4292-b9f6-974d317c96d7}</UniqueIdentifier>
    </Filter>
    <Filter Include="Core\GlobalObjects">
      <UniqueIdentifier>{f07f4b3e-7868-4ebc-a006-66160ea53b46}</UniqueIdentifier>
    </Filter>
    <Filter Include="Core\Renderer\Texture">
      <UniqueIdentifier>{009220f8-056c-46b7-ac9a-c4756a3048be}</UniqueIdentifier>
    </Filter>
    <Filter Include="Core\Renderer\Materials">
      <UniqueIdentifier>{88c86b88-2857-4d54-ba5f-fbd443654489}</UniqueIdentifier>
    </Filter>
    <Filter Include="Core\Renderer\Fonts">
      <UniqueIdentifier>{05058c52-2875-4202-889c-c552809ca1df}</UniqueIdentifier>
    </Filter>
    <Filter Include="Core\Logging">
      <UniqueIdentifier>{c77d97f3-ed0a-40b1-a0e0-c41a44addba9}</UniqueIdentifier>
    </Filter>
  </ItemGroup>
  <ItemGroup>
    <ClInclude Include="..\..\..\Sources\GameCore\stdafx.h">
      <Filter>_Maintanance</Filter>
    </ClInclude>
    <ClInclude Include="..\..\..\Sources\GameCore\_Link.h">
      <Filter>_Maintanance</Filter>
    </ClInclude>
    <ClInclude Include="..\..\..\Sources\GameCore\GameObject.h">
      <Filter>Game</Filter>
    </ClInclude>
    <ClInclude Include="..\..\..\Sources\GameCore\IController.h">
      <Filter>Game</Filter>
    </ClInclude>
    <ClInclude Include="..\..\..\Sources\GameCore\IComponent.h">
      <Filter>Game</Filter>
    </ClInclude>
    <ClInclude Include="..\..\..\Sources\GameCore\GameContext.h">
      <Filter>Game</Filter>
    </ClInclude>
    <ClInclude Include="..\..\..\Sources\GameCore\IMovable.h">
      <Filter>Game</Filter>
    </ClInclude>
    <ClInclude Include="..\..\..\Sources\GameCore\GameCoreAPI.h">
      <Filter>_Maintanance</Filter>
    </ClInclude>
    <ClInclude Include="..\..\..\Sources\GameCore\TimeController.h">
      <Filter>TimeManagement</Filter>
    </ClInclude>
    <ClInclude Include="..\..\..\Sources\GameCore\Composer\ObjectSettings.h">
      <Filter>Composer</Filter>
    </ClInclude>
    <ClInclude Include="..\..\..\Sources\GameCore\Composer\IComponentSerializer.h">
      <Filter>Composer</Filter>
    </ClInclude>
    <ClInclude Include="..\..\..\Sources\GameCore\Composer\IObjectComposer.h">
      <Filter>Composer</Filter>
    </ClInclude>
    <ClInclude Include="..\..\..\Sources\GameCore\GameInfo.h">
      <Filter>Game</Filter>
    </ClInclude>
    <ClInclude Include="..\..\..\Sources\GameCore\Core.h">
      <Filter>Core</Filter>
    </ClInclude>
    <ClInclude Include="..\..\..\Sources\GameCore\CoreDelegate.h">
      <Filter>Core</Filter>
    </ClInclude>
    <ClInclude Include="..\..\..\Sources\GameCore\TypeDefinitions.h">
      <Filter>Core</Filter>
    </ClInclude>
    <ClInclude Include="..\..\..\Sources\GameCore\Applications\ApplicationBase.h">
      <Filter>Core\Application</Filter>
    </ClInclude>
    <ClInclude Include="..\..\..\Sources\GameCore\Applications\Application_Windows.h">
      <Filter>Core\Application\Win</Filter>
    </ClInclude>
    <ClInclude Include="..\..\..\Sources\GameCore\Platform.h">
      <Filter>Core</Filter>
    </ClInclude>
    <ClInclude Include="..\..\..\Sources\GameCore\Input\InputSystem.h">
      <Filter>Core\Input</Filter>
    </ClInclude>
    <ClInclude Include="..\..\..\Sources\GameCore\Input\InputEvent.h">
      <Filter>Core\Input</Filter>
    </ClInclude>
    <ClInclude Include="..\..\..\Sources\GameCore\Input\InputSubscriber.h">
      <Filter>Core\Input</Filter>
    </ClInclude>
    <ClInclude Include="..\..\..\Sources\GameCore\Input\Keyboard.h">
      <Filter>Core\Input</Filter>
    </ClInclude>
    <ClInclude Include="..\..\..\Sources\GameCore\GenericHandle.h">
      <Filter>Core\Utilities</Filter>
    </ClInclude>
    <ClInclude Include="..\..\..\Sources\GameCore\Render\OpenGL\GlUitlities.h">
      <Filter>Core\Renderer\OpenGL</Filter>
    </ClInclude>
    <ClInclude Include="..\..\..\Sources\GameCore\Render\OpenGL\OpenGLRenderer.h">
      <Filter>Core\Renderer\OpenGL</Filter>
    </ClInclude>
    <ClInclude Include="..\..\..\Sources\GameCore\Render\HardwareBuffer.h">
      <Filter>Core\Renderer\HardwareBuffers</Filter>
    </ClInclude>
    <ClInclude Include="..\..\..\Sources\GameCore\Render\HardwareIndexBuffer.h">
      <Filter>Core\Renderer\HardwareBuffers</Filter>
    </ClInclude>
    <ClInclude Include="..\..\..\Sources\GameCore\Render\HardwareVertexBuffer.h">
      <Filter>Core\Renderer\HardwareBuffers</Filter>
    </ClInclude>
    <ClInclude Include="..\..\..\Sources\GameCore\Render\IRenderer.h">
      <Filter>Core\Renderer</Filter>
    </ClInclude>
    <ClInclude Include="..\..\..\Sources\GameCore\Render\Mesh.h">
      <Filter>Core\Renderer\Mesh</Filter>
    </ClInclude>
    <ClInclude Include="..\..\..\Sources\GameCore\Render\MeshComponent.h">
      <Filter>Core\Renderer\Mesh</Filter>
    </ClInclude>
    <ClInclude Include="..\..\..\Sources\GameCore\Render\RenderTypes.h">
      <Filter>Core\Renderer</Filter>
    </ClInclude>
    <ClInclude Include="..\..\..\Sources\GameCore\Render\VertexDeclaration.h">
      <Filter>Core\Renderer\HardwareBuffers</Filter>
    </ClInclude>
    <ClInclude Include="..\..\..\Sources\GameCore\Resources\ResourceInformation.h">
      <Filter>Core\Resources</Filter>
    </ClInclude>
    <ClInclude Include="..\..\..\Sources\GameCore\Render\OpenGL\HardwareBufferManager.h">
      <Filter>Core\Renderer\OpenGL</Filter>
    </ClInclude>
    <ClInclude Include="..\..\..\Sources\GameCore\Render\HardwareBufferManagerBase.h">
      <Filter>Core\Renderer\HardwareBuffers</Filter>
    </ClInclude>
    <ClInclude Include="..\..\..\Sources\GameCore\FileSystem\FileSystem.h">
      <Filter>FileSystem</Filter>
    </ClInclude>
    <ClInclude Include="..\..\..\Sources\GameCore\Render\Camera.h">
      <Filter>Core\Renderer</Filter>
    </ClInclude>
    <ClInclude Include="..\..\..\Sources\GameCore\Render\Frustum.h">
      <Filter>Core\Renderer</Filter>
    </ClInclude>
    <ClInclude Include="..\..\..\Sources\GameCore\Render\Viewport.h">
      <Filter>Core\Renderer</Filter>
    </ClInclude>
    <ClInclude Include="..\..\..\Sources\GameCore\World.h">
      <Filter>Core</Filter>
    </ClInclude>
    <ClInclude Include="..\..\..\Sources\GameCore\System.h">
      <Filter>Core</Filter>
    </ClInclude>
    <ClInclude Include="..\..\..\Sources\GameCore\Resources\ResourceManager.h">
      <Filter>Core\Resources</Filter>
    </ClInclude>
    <ClInclude Include="..\..\..\Sources\GameCore\FileSystem\Stream.h">
      <Filter>FileSystem</Filter>
    </ClInclude>
    <ClInclude Include="..\..\..\Sources\GameCore\FileSystem\FileStream.h">
      <Filter>FileSystem</Filter>
    </ClInclude>
    <ClInclude Include="..\..\..\Sources\GameCore\Render\CommandBucket.h">
      <Filter>Core\Renderer\RenderWorld</Filter>
    </ClInclude>
    <ClInclude Include="..\..\..\Sources\GameCore\Render\CommandPacket.h">
      <Filter>Core\Renderer\RenderWorld</Filter>
    </ClInclude>
    <ClInclude Include="..\..\..\Sources\GameCore\Render\RenderWorld.h">
      <Filter>Core\Renderer\RenderWorld</Filter>
    </ClInclude>
    <ClInclude Include="..\..\..\Sources\GameCore\Render\Commands.h">
      <Filter>Core\Renderer\RenderWorld</Filter>
    </ClInclude>
    <ClInclude Include="..\..\..\Sources\GameCore\Render\ShaderSystem.h">
      <Filter>Core\Renderer\Shaders</Filter>
    </ClInclude>
    <ClInclude Include="..\..\..\Sources\GameCore\Render\ShaderCompiler.h">
      <Filter>Core\Renderer\Shaders</Filter>
    </ClInclude>
    <ClInclude Include="..\..\..\Sources\GameCore\Render\Shader.h">
      <Filter>Core\Renderer\Shaders</Filter>
    </ClInclude>
    <ClInclude Include="..\..\..\Sources\GameCore\Render\OpenGL\GLShaderCompiler.h">
      <Filter>Core\Renderer\OpenGL</Filter>
    </ClInclude>
    <ClInclude Include="..\..\..\Sources\GameCore\EntityManager.h">
      <Filter>Core\Entities</Filter>
    </ClInclude>
    <ClInclude Include="..\..\..\Sources\GameCore\Component.h">
      <Filter>Core\Entities</Filter>
    </ClInclude>
    <ClInclude Include="..\..\..\Sources\GameCore\Entity.h">
      <Filter>Core\Entities</Filter>
    </ClInclude>
    <ClInclude Include="..\..\..\Sources\GameCore\Systems\TransformationsSystem.h">
      <Filter>Core\Systems</Filter>
    </ClInclude>
    <ClInclude Include="..\..\..\Sources\GameCore\UI\UIScreen.h">
      <Filter>Core\UI</Filter>
    </ClInclude>
    <ClInclude Include="..\..\..\Sources\GameCore\UI\UIButton.h">
      <Filter>Core\UI</Filter>
    </ClInclude>
    <ClInclude Include="..\..\..\Sources\GameCore\UI\UIControl.h">
      <Filter>Core\UI</Filter>
    </ClInclude>
    <ClInclude Include="..\..\..\Sources\GameCore\UI\UIControlSystem.h">
      <Filter>Core\UI</Filter>
    </ClInclude>
    <ClInclude Include="..\..\..\Sources\GameCore\BaseTypesHashes.h">
      <Filter>Core\Utilities</Filter>
    </ClInclude>
    <ClInclude Include="..\..\..\Sources\GameCore\PropertyElement.h">
      <Filter>Core\Properties</Filter>
    </ClInclude>
    <ClInclude Include="..\..\..\Sources\GameCore\PropertyReader.h">
      <Filter>Core\Properties</Filter>
    </ClInclude>
    <ClInclude Include="..\..\..\Sources\GameCore\PropertyReaders.h">
      <Filter>Core\Properties</Filter>
    </ClInclude>
    <ClInclude Include="..\..\..\Sources\GameCore\UI\UITypes.h">
      <Filter>Core\UI</Filter>
    </ClInclude>
    <ClInclude Include="..\..\..\Sources\GameCore\Render\Light.h">
      <Filter>Core\Renderer</Filter>
    </ClInclude>
    <ClInclude Include="..\..\..\Sources\GameCore\Render\LightsController.h">
      <Filter>Core\Renderer</Filter>
    </ClInclude>
    <ClInclude Include="..\..\..\Sources\GameCore\Render\OpenGL\GLLightsController.h">
      <Filter>Core\Renderer\OpenGL</Filter>
    </ClInclude>
    <ClInclude Include="..\..\..\Sources\GameCore\Render\ScopedMatrixTransformation.h">
      <Filter>Core\Renderer</Filter>
    </ClInclude>
    <ClInclude Include="..\..\..\Sources\GameCore\Render\ScopedLightSwitch.h">
      <Filter>Core\Renderer</Filter>
    </ClInclude>
    <ClInclude Include="..\..\..\Sources\GameCore\GenericHandlesDynamicArray.h">
      <Filter>Core\Utilities</Filter>
    </ClInclude>
    <ClInclude Include="..\..\..\Sources\GameCore\ObjectSubset.h">
      <Filter>Core\Utilities</Filter>
    </ClInclude>
    <ClInclude Include="..\..\..\Sources\GameCore\GlobalObjectBase.h">
      <Filter>Core\GlobalObjects</Filter>
    </ClInclude>
    <ClInclude Include="..\..\..\Sources\GameCore\EntityDefines.h">
      <Filter>Core\Entities</Filter>
    </ClInclude>
    <ClInclude Include="..\..\..\Sources\GameCore\Render\TextureManager.h">
      <Filter>Core\Renderer\Texture</Filter>
    </ClInclude>
    <ClInclude Include="..\..\..\Sources\GameCore\GenericHandlesStaticArray.h">
      <Filter>Core\Utilities</Filter>
    </ClInclude>
    <ClInclude Include="..\..\..\Sources\GameCore\Render\OpenGL\GLTextureManager.h">
      <Filter>Core\Renderer\OpenGL</Filter>
    </ClInclude>
    <ClInclude Include="..\..\..\Sources\GameCore\Render\MaterialManager.h">
      <Filter>Core\Renderer\Materials</Filter>
    </ClInclude>
    <ClInclude Include="..\..\..\Sources\GameCore\Render\Material.h">
      <Filter>Core\Renderer\Materials</Filter>
    </ClInclude>
    <ClInclude Include="..\..\..\Sources\GameCore\Render\Texture.h">
      <Filter>Core\Renderer\Texture</Filter>
    </ClInclude>
    <ClInclude Include="..\..\..\Sources\GameCore\Render\MeshSystem.h">
      <Filter>Core\Renderer\Mesh</Filter>
    </ClInclude>
    <ClInclude Include="..\..\..\Sources\GameCore\Render\Fonts\FontManager.h">
      <Filter>Core\Renderer\Fonts</Filter>
    </ClInclude>
    <ClInclude Include="..\..\..\Sources\GameCore\Render\Fonts\Font.h">
      <Filter>Core\Renderer\Fonts</Filter>
    </ClInclude>
    <ClInclude Include="..\..\..\Sources\GameCore\Render\TextureAtlas.h">
      <Filter>Core\Renderer\Texture</Filter>
    </ClInclude>
    <ClInclude Include="..\..\..\Sources\GameCore\Options.h">
      <Filter>Core</Filter>
    </ClInclude>
    <ClInclude Include="..\..\..\Sources\GameCore\Timer.h">
      <Filter>Core</Filter>
    </ClInclude>
    <ClInclude Include="..\..\..\Sources\GameCore\ObjectStorageBase.h">
      <Filter>Core\GlobalObjects</Filter>
    </ClInclude>
    <ClInclude Include="..\..\..\Sources\GameCore\DefaultObjectsStorage.h">
      <Filter>Core\GlobalObjects</Filter>
    </ClInclude>
    <ClInclude Include="..\..\..\Sources\GameCore\Logging\LogSystem.h">
      <Filter>Core\Logging</Filter>
    </ClInclude>
    <ClInclude Include="..\..\..\Sources\GameCore\Logging\LoggingDefinitions.h">
      <Filter>Core\Logging</Filter>
    </ClInclude>
    <ClInclude Include="..\..\..\Sources\GameCore\Logging\Logger.h">
      <Filter>Core\Logging</Filter>
    </ClInclude>
    <ClInclude Include="..\..\..\Sources\GameCore\Logging\BasicPolicies.h">
      <Filter>Core\Logging</Filter>
    </ClInclude>
    <ClInclude Include="..\..\..\Sources\GameCore\Render\RenderLogPolicies.h">
      <Filter>Core\Renderer</Filter>
    </ClInclude>
  </ItemGroup>
  <ItemGroup>
    <ClCompile Include="..\..\..\Sources\GameCore\stdafx.cpp">
      <Filter>_Maintanance</Filter>
    </ClCompile>
    <ClCompile Include="..\..\..\Sources\GameCore\GameObject.cpp">
      <Filter>Game</Filter>
    </ClCompile>
    <ClCompile Include="..\..\..\Sources\GameCore\_LinkLibraries.cpp">
      <Filter>_Maintanance</Filter>
    </ClCompile>
    <ClCompile Include="..\..\..\Sources\GameCore\TimeController.cpp">
      <Filter>TimeManagement</Filter>
    </ClCompile>
    <ClCompile Include="..\..\..\Sources\GameCore\GameContext.cpp">
      <Filter>Game</Filter>
    </ClCompile>
    <ClCompile Include="..\..\..\Sources\GameCore\Composer\ObjectSettings.cpp">
      <Filter>Composer</Filter>
    </ClCompile>
    <ClCompile Include="..\..\..\Sources\GameCore\Core.cpp">
      <Filter>Core</Filter>
    </ClCompile>
    <ClCompile Include="..\..\..\Sources\GameCore\Applications\ApplicationBase.cpp">
      <Filter>Core\Application</Filter>
    </ClCompile>
    <ClCompile Include="..\..\..\Sources\GameCore\Applications\Application_Windows.cpp">
      <Filter>Core\Application\Win</Filter>
    </ClCompile>
    <ClCompile Include="..\..\..\Sources\GameCore\Input\InputSystem.cpp">
      <Filter>Core\Input</Filter>
    </ClCompile>
    <ClCompile Include="..\..\..\Sources\GameCore\Render\OpenGL\GLUtilities.cpp">
      <Filter>Core\Renderer\OpenGL</Filter>
    </ClCompile>
    <ClCompile Include="..\..\..\Sources\GameCore\Render\OpenGL\OpenGLRenderer.cpp">
      <Filter>Core\Renderer\OpenGL</Filter>
    </ClCompile>
    <ClCompile Include="..\..\..\Sources\GameCore\Render\Mesh.cpp">
      <Filter>Core\Renderer\Mesh</Filter>
    </ClCompile>
    <ClCompile Include="..\..\..\Sources\GameCore\Render\OpenGL\HardwareBufferManager.cpp">
      <Filter>Core\Renderer\OpenGL</Filter>
    </ClCompile>
    <ClCompile Include="..\..\..\Sources\GameCore\FileSystem\FileSystem.cpp">
      <Filter>FileSystem</Filter>
    </ClCompile>
    <ClCompile Include="..\..\..\Sources\GameCore\Render\Frustum.cpp">
      <Filter>Core\Renderer</Filter>
    </ClCompile>
    <ClCompile Include="..\..\..\Sources\GameCore\Render\Camera.cpp">
      <Filter>Core\Renderer</Filter>
    </ClCompile>
    <ClCompile Include="..\..\..\Sources\GameCore\World.cpp">
      <Filter>Core</Filter>
    </ClCompile>
    <ClCompile Include="..\..\..\Sources\GameCore\Resources\ResourceManager.cpp">
      <Filter>Core\Resources</Filter>
    </ClCompile>
    <ClCompile Include="..\..\..\Sources\GameCore\FileSystem\FileStream.cpp">
      <Filter>FileSystem</Filter>
    </ClCompile>
    <ClCompile Include="..\..\..\Sources\GameCore\Render\RenderWorld.cpp">
      <Filter>Core\Renderer\RenderWorld</Filter>
    </ClCompile>
    <ClCompile Include="..\..\..\Sources\GameCore\Render\Commands.cpp">
      <Filter>Core\Renderer\RenderWorld</Filter>
    </ClCompile>
    <ClCompile Include="..\..\..\Sources\GameCore\Render\ShaderSystem.cpp">
      <Filter>Core\Renderer\Shaders</Filter>
    </ClCompile>
    <ClCompile Include="..\..\..\Sources\GameCore\Render\OpenGL\GLShaderCompiler.cpp">
      <Filter>Core\Renderer\OpenGL</Filter>
    </ClCompile>
    <ClCompile Include="..\..\..\Sources\GameCore\EntityManager.cpp">
      <Filter>Core\Entities</Filter>
    </ClCompile>
    <ClCompile Include="..\..\..\Sources\GameCore\Systems\TransformationsSystem.cpp">
      <Filter>Core\Systems</Filter>
    </ClCompile>
    <ClCompile Include="..\..\..\Sources\GameCore\UI\UIButton.cpp">
      <Filter>Core\UI</Filter>
    </ClCompile>
    <ClCompile Include="..\..\..\Sources\GameCore\UI\UIScreen.cpp">
      <Filter>Core\UI</Filter>
    </ClCompile>
    <ClCompile Include="..\..\..\Sources\GameCore\UI\UIControl.cpp">
      <Filter>Core\UI</Filter>
    </ClCompile>
    <ClCompile Include="..\..\..\Sources\GameCore\UI\UIControlSystem.cpp">
      <Filter>Core\UI</Filter>
    </ClCompile>
    <ClCompile Include="..\..\..\Sources\GameCore\PropertyReaders.cpp">
      <Filter>Core\Properties</Filter>
    </ClCompile>
    <ClCompile Include="..\..\..\Sources\GameCore\UI\UIRegistrar.cpp">
      <Filter>Core\UI</Filter>
    </ClCompile>
    <ClCompile Include="..\..\..\Sources\GameCore\Render\OpenGL\GLLightsController.cpp">
      <Filter>Core\Renderer\OpenGL</Filter>
    </ClCompile>
    <ClCompile Include="..\..\..\Sources\GameCore\Render\Shader.cpp">
      <Filter>Core\Renderer\Shaders</Filter>
    </ClCompile>
    <ClCompile Include="..\..\..\Sources\GameCore\Render\OpenGL\GLTextureManager.cpp">
      <Filter>Core\Renderer\OpenGL</Filter>
    </ClCompile>
    <ClCompile Include="..\..\..\Sources\GameCore\Render\MaterialManager.cpp">
      <Filter>Core\Renderer\Materials</Filter>
    </ClCompile>
    <ClCompile Include="..\..\..\Sources\GameCore\Resources\LoadersRegistrar.cpp">
      <Filter>Core\Resources</Filter>
    </ClCompile>
    <ClCompile Include="..\..\..\Sources\GameCore\Render\MeshSystem.cpp">
      <Filter>Core\Renderer\Mesh</Filter>
    </ClCompile>
    <ClCompile Include="..\..\..\Sources\GameCore\Render\Fonts\FontManager.cpp">
      <Filter>Core\Renderer\Fonts</Filter>
    </ClCompile>
    <ClCompile Include="..\..\..\Sources\GameCore\Render\TextureAtlas.cpp">
      <Filter>Core\Renderer\Texture</Filter>
    </ClCompile>
    <ClCompile Include="..\..\..\Sources\GameCore\Timer.cpp">
      <Filter>Core</Filter>
    </ClCompile>
    <ClCompile Include="..\..\..\Sources\GameCore\Input\Keyboard.cpp">
      <Filter>Core\Input</Filter>
    </ClCompile>
    <ClCompile Include="..\..\..\Sources\GameCore\DefaultObjectsStorage.cpp">
      <Filter>Core\GlobalObjects</Filter>
    </ClCompile>
    <ClCompile Include="..\..\..\Sources\GameCore\DefaultObjectsRegistrar.cpp">
      <Filter>Core</Filter>
    </ClCompile>
    <ClCompile Include="..\..\..\Sources\GameCore\Logging\LogSystem.cpp">
      <Filter>Core\Logging</Filter>
    </ClCompile>
    <ClCompile Include="..\..\..\Sources\GameCore\Logging\BasicPolicies.cpp">
      <Filter>Core\Logging</Filter>
    </ClCompile>
  </ItemGroup>
</Project>