
Microsoft Visual Studio Solution File, Format Version 12.00
# Visual Studio 14
VisualStudioVersion = 14.0.23107.0
MinimumVisualStudioVersion = 10.0.40219.1
Project("{8BC9CEB8-8B4A-11D0-8D11-00A0C91BC942}") = "ExecutionManagement", "ExecutionManagement\ExecutionManagement.vcxproj", "{E434ECFB-BD60-4242-B976-58BD864D07A9}"
EndProject
Project("{8BC9CEB8-8B4A-11D0-8D11-00A0C91BC942}") = "ExecutionManagement.Tests", "ExecutionManagement\ExecutionManagement.Tests\ExecutionManagement.Tests.vcxproj", "{4AF73073-CF46-46D0-9ADF-FC16CA84FE16}"
	ProjectSection(ProjectDependencies) = postProject
		{344430D7-1DA4-4F81-95AB-41E981166CB9} = {344430D7-1DA4-4F81-95AB-41E981166CB9}
		{E434ECFB-BD60-4242-B976-58BD864D07A9} = {E434ECFB-BD60-4242-B976-58BD864D07A9}
	EndProjectSection
EndProject
Project("{8BC9CEB8-8B4A-11D0-8D11-00A0C91BC942}") = "WorldInterfacing", "WorldInterfacing\WorldInterfacing.vcxproj", "{E179B1E5-3131-4E30-87F4-754FC6FC076B}"
EndProject
Project("{8BC9CEB8-8B4A-11D0-8D11-00A0C91BC942}") = "WorldInterfacing.Tests", "WorldInterfacing\WorldInterfacing.Tests\WorldInterfacing.Tests.vcxproj", "{6678BEA2-E590-4404-8395-5CC51047AADA}"
	ProjectSection(ProjectDependencies) = postProject
		{344430D7-1DA4-4F81-95AB-41E981166CB9} = {344430D7-1DA4-4F81-95AB-41E981166CB9}
		{E179B1E5-3131-4E30-87F4-754FC6FC076B} = {E179B1E5-3131-4E30-87F4-754FC6FC076B}
	EndProjectSection
EndProject
Project("{8BC9CEB8-8B4A-11D0-8D11-00A0C91BC942}") = "Math", "Math\Math.vcxproj", "{AFC0C8A0-3447-4B14-83DE-2C7EB6F686B8}"
EndProject
Project("{8BC9CEB8-8B4A-11D0-8D11-00A0C91BC942}") = "Math.Tests", "Math\Math.Tests\Math.Tests.vcxproj", "{DD220650-9097-472C-AB2A-30BC588E0336}"
	ProjectSection(ProjectDependencies) = postProject
		{AFC0C8A0-3447-4B14-83DE-2C7EB6F686B8} = {AFC0C8A0-3447-4B14-83DE-2C7EB6F686B8}
	EndProjectSection
EndProject
Project("{8BC9CEB8-8B4A-11D0-8D11-00A0C91BC942}") = "Utilities", "Utilities\Utilities.vcxproj", "{344430D7-1DA4-4F81-95AB-41E981166CB9}"
EndProject
Project("{8BC9CEB8-8B4A-11D0-8D11-00A0C91BC942}") = "GameCore", "GameCore\GameCore.vcxproj", "{EE787F9B-DE84-49AE-9CE9-914A501E0F7B}"
	ProjectSection(ProjectDependencies) = postProject
		{F039FC01-494D-46AE-9333-4EED828C1FB0} = {F039FC01-494D-46AE-9333-4EED828C1FB0}
		{AFC0C8A0-3447-4B14-83DE-2C7EB6F686B8} = {AFC0C8A0-3447-4B14-83DE-2C7EB6F686B8}
		{344430D7-1DA4-4F81-95AB-41E981166CB9} = {344430D7-1DA4-4F81-95AB-41E981166CB9}
	EndProjectSection
EndProject
Project("{8BC9CEB8-8B4A-11D0-8D11-00A0C91BC942}") = "Network", "Network\Network.vcxproj", "{9D82CE92-4773-44C6-BE6F-7CEAD4604AEB}"
	ProjectSection(ProjectDependencies) = postProject
		{344430D7-1DA4-4F81-95AB-41E981166CB9} = {344430D7-1DA4-4F81-95AB-41E981166CB9}
	EndProjectSection
EndProject
Project("{8BC9CEB8-8B4A-11D0-8D11-00A0C91BC942}") = "DecisionMaking", "DecisionMaking\DecisionMaking.vcxproj", "{17954A55-0826-49F1-90A1-D3B707DDDD2D}"
EndProject
Project("{8BC9CEB8-8B4A-11D0-8D11-00A0C91BC942}") = "DecisionMaking.Tests", "DecisionMaking\DecisionMaking.Tests\DecisionMaking.Tests.vcxproj", "{FB145EF7-DA23-45FA-9F1C-DD81B9856D4C}"
	ProjectSection(ProjectDependencies) = postProject
		{17954A55-0826-49F1-90A1-D3B707DDDD2D} = {17954A55-0826-49F1-90A1-D3B707DDDD2D}
	EndProjectSection
EndProject
Project("{8BC9CEB8-8B4A-11D0-8D11-00A0C91BC942}") = "Graphs", "Graphs\Graphs.vcxproj", "{8012AA96-F704-46B4-BCBA-D5CE9B4C8217}"
EndProject
Project("{8BC9CEB8-8B4A-11D0-8D11-00A0C91BC942}") = "Graphs.Tests", "Graphs\Graph.Tests\Graph.Tests.vcxproj", "{DE653513-A911-431D-B9C2-30F4F6429C05}"
	ProjectSection(ProjectDependencies) = postProject
		{8012AA96-F704-46B4-BCBA-D5CE9B4C8217} = {8012AA96-F704-46B4-BCBA-D5CE9B4C8217}
	EndProjectSection
EndProject
Project("{8BC9CEB8-8B4A-11D0-8D11-00A0C91BC942}") = "Terrain", "Terrain\Terrain.vcxproj", "{99C605A4-78A0-449C-B9B2-F1428640AFCE}"
EndProject
Project("{8BC9CEB8-8B4A-11D0-8D11-00A0C91BC942}") = "Terrain.Tests", "Terrain\Terrain.Tests\Terrain.Tests.vcxproj", "{5D070D66-7B22-44E6-A96A-8FBFBFEADA70}"
	ProjectSection(ProjectDependencies) = postProject
		{99C605A4-78A0-449C-B9B2-F1428640AFCE} = {99C605A4-78A0-449C-B9B2-F1428640AFCE}
	EndProjectSection
EndProject
Project("{8BC9CEB8-8B4A-11D0-8D11-00A0C91BC942}") = "Patterns", "Patterns\Patterns.vcxproj", "{F039FC01-494D-46AE-9333-4EED828C1FB0}"
EndProject
Global
	GlobalSection(SolutionConfigurationPlatforms) = preSolution
		Debug|Win32 = Debug|Win32
		Release|Win32 = Release|Win32
	EndGlobalSection
	GlobalSection(ProjectConfigurationPlatforms) = postSolution
		{E434ECFB-BD60-4242-B976-58BD864D07A9}.Debug|Win32.ActiveCfg = Debug|Win32
		{E434ECFB-BD60-4242-B976-58BD864D07A9}.Debug|Win32.Build.0 = Debug|Win32
		{E434ECFB-BD60-4242-B976-58BD864D07A9}.Release|Win32.ActiveCfg = Release|Win32
		{E434ECFB-BD60-4242-B976-58BD864D07A9}.Release|Win32.Build.0 = Release|Win32
		{4AF73073-CF46-46D0-9ADF-FC16CA84FE16}.Debug|Win32.ActiveCfg = Debug|Win32
		{4AF73073-CF46-46D0-9ADF-FC16CA84FE16}.Debug|Win32.Build.0 = Debug|Win32
		{4AF73073-CF46-46D0-9ADF-FC16CA84FE16}.Release|Win32.ActiveCfg = Release|Win32
		{4AF73073-CF46-46D0-9ADF-FC16CA84FE16}.Release|Win32.Build.0 = Release|Win32
		{E179B1E5-3131-4E30-87F4-754FC6FC076B}.Debug|Win32.ActiveCfg = Debug|Win32
		{E179B1E5-3131-4E30-87F4-754FC6FC076B}.Debug|Win32.Build.0 = Debug|Win32
		{E179B1E5-3131-4E30-87F4-754FC6FC076B}.Release|Win32.ActiveCfg = Release|Win32
		{E179B1E5-3131-4E30-87F4-754FC6FC076B}.Release|Win32.Build.0 = Release|Win32
		{6678BEA2-E590-4404-8395-5CC51047AADA}.Debug|Win32.ActiveCfg = Debug|Win32
		{6678BEA2-E590-4404-8395-5CC51047AADA}.Debug|Win32.Build.0 = Debug|Win32
		{6678BEA2-E590-4404-8395-5CC51047AADA}.Release|Win32.ActiveCfg = Release|Win32
		{6678BEA2-E590-4404-8395-5CC51047AADA}.Release|Win32.Build.0 = Release|Win32
		{AFC0C8A0-3447-4B14-83DE-2C7EB6F686B8}.Debug|Win32.ActiveCfg = Debug|Win32
		{AFC0C8A0-3447-4B14-83DE-2C7EB6F686B8}.Debug|Win32.Build.0 = Debug|Win32
		{AFC0C8A0-3447-4B14-83DE-2C7EB6F686B8}.Release|Win32.ActiveCfg = Release|Win32
		{AFC0C8A0-3447-4B14-83DE-2C7EB6F686B8}.Release|Win32.Build.0 = Release|Win32
		{DD220650-9097-472C-AB2A-30BC588E0336}.Debug|Win32.ActiveCfg = Debug|Win32
		{DD220650-9097-472C-AB2A-30BC588E0336}.Debug|Win32.Build.0 = Debug|Win32
		{DD220650-9097-472C-AB2A-30BC588E0336}.Release|Win32.ActiveCfg = Release|Win32
		{DD220650-9097-472C-AB2A-30BC588E0336}.Release|Win32.Build.0 = Release|Win32
		{344430D7-1DA4-4F81-95AB-41E981166CB9}.Debug|Win32.ActiveCfg = Debug|Win32
		{344430D7-1DA4-4F81-95AB-41E981166CB9}.Debug|Win32.Build.0 = Debug|Win32
		{344430D7-1DA4-4F81-95AB-41E981166CB9}.Release|Win32.ActiveCfg = Release|Win32
		{344430D7-1DA4-4F81-95AB-41E981166CB9}.Release|Win32.Build.0 = Release|Win32
		{EE787F9B-DE84-49AE-9CE9-914A501E0F7B}.Debug|Win32.ActiveCfg = Debug|Win32
		{EE787F9B-DE84-49AE-9CE9-914A501E0F7B}.Debug|Win32.Build.0 = Debug|Win32
		{EE787F9B-DE84-49AE-9CE9-914A501E0F7B}.Release|Win32.ActiveCfg = Release|Win32
		{EE787F9B-DE84-49AE-9CE9-914A501E0F7B}.Release|Win32.Build.0 = Release|Win32
		{9D82CE92-4773-44C6-BE6F-7CEAD4604AEB}.Debug|Win32.ActiveCfg = Debug|Win32
		{9D82CE92-4773-44C6-BE6F-7CEAD4604AEB}.Debug|Win32.Build.0 = Debug|Win32
		{9D82CE92-4773-44C6-BE6F-7CEAD4604AEB}.Release|Win32.ActiveCfg = Release|Win32
		{9D82CE92-4773-44C6-BE6F-7CEAD4604AEB}.Release|Win32.Build.0 = Release|Win32
		{17954A55-0826-49F1-90A1-D3B707DDDD2D}.Debug|Win32.ActiveCfg = Debug|Win32
		{17954A55-0826-49F1-90A1-D3B707DDDD2D}.Debug|Win32.Build.0 = Debug|Win32
		{17954A55-0826-49F1-90A1-D3B707DDDD2D}.Release|Win32.ActiveCfg = Release|Win32
		{17954A55-0826-49F1-90A1-D3B707DDDD2D}.Release|Win32.Build.0 = Release|Win32
		{FB145EF7-DA23-45FA-9F1C-DD81B9856D4C}.Debug|Win32.ActiveCfg = Debug|Win32
		{FB145EF7-DA23-45FA-9F1C-DD81B9856D4C}.Debug|Win32.Build.0 = Debug|Win32
		{FB145EF7-DA23-45FA-9F1C-DD81B9856D4C}.Release|Win32.ActiveCfg = Release|Win32
		{FB145EF7-DA23-45FA-9F1C-DD81B9856D4C}.Release|Win32.Build.0 = Release|Win32
		{8012AA96-F704-46B4-BCBA-D5CE9B4C8217}.Debug|Win32.ActiveCfg = Debug|Win32
		{8012AA96-F704-46B4-BCBA-D5CE9B4C8217}.Debug|Win32.Build.0 = Debug|Win32
		{8012AA96-F704-46B4-BCBA-D5CE9B4C8217}.Release|Win32.ActiveCfg = Release|Win32
		{8012AA96-F704-46B4-BCBA-D5CE9B4C8217}.Release|Win32.Build.0 = Release|Win32
		{DE653513-A911-431D-B9C2-30F4F6429C05}.Debug|Win32.ActiveCfg = Debug|Win32
		{DE653513-A911-431D-B9C2-30F4F6429C05}.Debug|Win32.Build.0 = Debug|Win32
		{DE653513-A911-431D-B9C2-30F4F6429C05}.Release|Win32.ActiveCfg = Release|Win32
		{DE653513-A911-431D-B9C2-30F4F6429C05}.Release|Win32.Build.0 = Release|Win32
		{99C605A4-78A0-449C-B9B2-F1428640AFCE}.Debug|Win32.ActiveCfg = Debug|Win32
		{99C605A4-78A0-449C-B9B2-F1428640AFCE}.Debug|Win32.Build.0 = Debug|Win32
		{99C605A4-78A0-449C-B9B2-F1428640AFCE}.Release|Win32.ActiveCfg = Release|Win32
		{99C605A4-78A0-449C-B9B2-F1428640AFCE}.Release|Win32.Build.0 = Release|Win32
		{5D070D66-7B22-44E6-A96A-8FBFBFEADA70}.Debug|Win32.ActiveCfg = Debug|Win32
		{5D070D66-7B22-44E6-A96A-8FBFBFEADA70}.Debug|Win32.Build.0 = Debug|Win32
		{5D070D66-7B22-44E6-A96A-8FBFBFEADA70}.Release|Win32.ActiveCfg = Release|Win32
		{5D070D66-7B22-44E6-A96A-8FBFBFEADA70}.Release|Win32.Build.0 = Release|Win32
		{F039FC01-494D-46AE-9333-4EED828C1FB0}.Debug|Win32.ActiveCfg = Debug|Win32
		{F039FC01-494D-46AE-9333-4EED828C1FB0}.Debug|Win32.Build.0 = Debug|Win32
		{F039FC01-494D-46AE-9333-4EED828C1FB0}.Release|Win32.ActiveCfg = Release|Win32
		{F039FC01-494D-46AE-9333-4EED828C1FB0}.Release|Win32.Build.0 = Release|Win32
	EndGlobalSection
	GlobalSection(SolutionProperties) = preSolution
		HideSolutionNode = FALSE
	EndGlobalSection
EndGlobal
