
Microsoft Visual Studio Solution File, Format Version 12.00
# Visual Studio 2012
Project("{8BC9CEB8-8B4A-11D0-8D11-00A0C91BC942}") = "ExecutionManagement", "ExecutionManagement\ExecutionManagement.vcxproj", "{E434ECFB-BD60-4242-B976-58BD864D07A9}"
EndProject
Project("{8BC9CEB8-8B4A-11D0-8D11-00A0C91BC942}") = "ExecutionManagement.Tests", "ExecutionManagement\ExecutionManagement.Tests\ExecutionManagement.Tests.vcxproj", "{4AF73073-CF46-46D0-9ADF-FC16CA84FE16}"
	ProjectSection(ProjectDependencies) = postProject
		{344430D7-1DA4-4F81-95AB-41E981166CB9} = {344430D7-1DA4-4F81-95AB-41E981166CB9}
		{E434ECFB-BD60-4242-B976-58BD864D07A9} = {E434ECFB-BD60-4242-B976-58BD864D07A9}
	EndProjectSection
EndProject
Project("{8BC9CEB8-8B4A-11D0-8D11-00A0C91BC942}") = "WorldInterfacing", "WorldInterfacing\WorldInterfacing.vcxproj", "{E179B1E5-3131-4E30-87F4-754FC6FC076B}"
EndProject
Project("{8BC9CEB8-8B4A-11D0-8D11-00A0C91BC942}") = "WorldInterfacing.Tests", "WorldInterfacing\WorldInterfacing.Tests\WorldInterfacing.Tests.vcxproj", "{6678BEA2-E590-4404-8395-5CC51047AADA}"
	ProjectSection(ProjectDependencies) = postProject
		{E179B1E5-3131-4E30-87F4-754FC6FC076B} = {E179B1E5-3131-4E30-87F4-754FC6FC076B}
	EndProjectSection
EndProject
Project("{8BC9CEB8-8B4A-11D0-8D11-00A0C91BC942}") = "Math", "Math\Math.vcxproj", "{AFC0C8A0-3447-4B14-83DE-2C7EB6F686B8}"
EndProject
Project("{8BC9CEB8-8B4A-11D0-8D11-00A0C91BC942}") = "Math.Tests", "Math\Math.Tests\Math.Tests.vcxproj", "{DD220650-9097-472C-AB2A-30BC588E0336}"
	ProjectSection(ProjectDependencies) = postProject
		{AFC0C8A0-3447-4B14-83DE-2C7EB6F686B8} = {AFC0C8A0-3447-4B14-83DE-2C7EB6F686B8}
	EndProjectSection
EndProject
Project("{8BC9CEB8-8B4A-11D0-8D11-00A0C91BC942}") = "Utilities", "Utilities\Utilities.vcxproj", "{344430D7-1DA4-4F81-95AB-41E981166CB9}"
EndProject
Global
	GlobalSection(SolutionConfigurationPlatforms) = preSolution
		Debug|Win32 = Debug|Win32
		Release|Win32 = Release|Win32
	EndGlobalSection
	GlobalSection(ProjectConfigurationPlatforms) = postSolution
		{E434ECFB-BD60-4242-B976-58BD864D07A9}.Debug|Win32.ActiveCfg = Debug|Win32
		{E434ECFB-BD60-4242-B976-58BD864D07A9}.Debug|Win32.Build.0 = Debug|Win32
		{E434ECFB-BD60-4242-B976-58BD864D07A9}.Release|Win32.ActiveCfg = Release|Win32
		{E434ECFB-BD60-4242-B976-58BD864D07A9}.Release|Win32.Build.0 = Release|Win32
		{4AF73073-CF46-46D0-9ADF-FC16CA84FE16}.Debug|Win32.ActiveCfg = Debug|Win32
		{4AF73073-CF46-46D0-9ADF-FC16CA84FE16}.Debug|Win32.Build.0 = Debug|Win32
		{4AF73073-CF46-46D0-9ADF-FC16CA84FE16}.Release|Win32.ActiveCfg = Release|Win32
		{4AF73073-CF46-46D0-9ADF-FC16CA84FE16}.Release|Win32.Build.0 = Release|Win32
		{E179B1E5-3131-4E30-87F4-754FC6FC076B}.Debug|Win32.ActiveCfg = Debug|Win32
		{E179B1E5-3131-4E30-87F4-754FC6FC076B}.Debug|Win32.Build.0 = Debug|Win32
		{E179B1E5-3131-4E30-87F4-754FC6FC076B}.Release|Win32.ActiveCfg = Release|Win32
		{E179B1E5-3131-4E30-87F4-754FC6FC076B}.Release|Win32.Build.0 = Release|Win32
		{6678BEA2-E590-4404-8395-5CC51047AADA}.Debug|Win32.ActiveCfg = Debug|Win32
		{6678BEA2-E590-4404-8395-5CC51047AADA}.Debug|Win32.Build.0 = Debug|Win32
		{6678BEA2-E590-4404-8395-5CC51047AADA}.Release|Win32.ActiveCfg = Release|Win32
		{6678BEA2-E590-4404-8395-5CC51047AADA}.Release|Win32.Build.0 = Release|Win32
		{AFC0C8A0-3447-4B14-83DE-2C7EB6F686B8}.Debug|Win32.ActiveCfg = Debug|Win32
		{AFC0C8A0-3447-4B14-83DE-2C7EB6F686B8}.Debug|Win32.Build.0 = Debug|Win32
		{AFC0C8A0-3447-4B14-83DE-2C7EB6F686B8}.Release|Win32.ActiveCfg = Release|Win32
		{AFC0C8A0-3447-4B14-83DE-2C7EB6F686B8}.Release|Win32.Build.0 = Release|Win32
		{DD220650-9097-472C-AB2A-30BC588E0336}.Debug|Win32.ActiveCfg = Debug|Win32
		{DD220650-9097-472C-AB2A-30BC588E0336}.Debug|Win32.Build.0 = Debug|Win32
		{DD220650-9097-472C-AB2A-30BC588E0336}.Release|Win32.ActiveCfg = Release|Win32
		{DD220650-9097-472C-AB2A-30BC588E0336}.Release|Win32.Build.0 = Release|Win32
		{344430D7-1DA4-4F81-95AB-41E981166CB9}.Debug|Win32.ActiveCfg = Debug|Win32
		{344430D7-1DA4-4F81-95AB-41E981166CB9}.Debug|Win32.Build.0 = Debug|Win32
		{344430D7-1DA4-4F81-95AB-41E981166CB9}.Release|Win32.ActiveCfg = Release|Win32
		{344430D7-1DA4-4F81-95AB-41E981166CB9}.Release|Win32.Build.0 = Release|Win32
	EndGlobalSection
	GlobalSection(SolutionProperties) = preSolution
		HideSolutionNode = FALSE
	EndGlobalSection
EndGlobal
