<?xml version="1.0" encoding="utf-8"?>
<Project ToolsVersion="4.0" xmlns="http://schemas.microsoft.com/developer/msbuild/2003">
  <ItemGroup>
    <Filter Include="_Maintanance">
      <UniqueIdentifier>{93995380-89BD-4b04-88EB-625FBE52EBFB}</UniqueIdentifier>
      <Extensions>h;hh;hpp;hxx;hm;inl;inc;xsd</Extensions>
    </Filter>
    <Filter Include="Net">
      <UniqueIdentifier>{3e1ce76c-a652-4338-84bc-ac14f0124675}</UniqueIdentifier>
    </Filter>
    <Filter Include="Packets">
      <UniqueIdentifier>{70a87070-17f3-4fcc-9cb4-6e588818ebf8}</UniqueIdentifier>
    </Filter>
    <Filter Include="Utilities">
      <UniqueIdentifier>{3de9571c-8bfb-4c53-bf5c-8172e9098b3c}</UniqueIdentifier>
    </Filter>
    <Filter Include="Manager">
      <UniqueIdentifier>{a46edfa1-c513-4d52-bd7b-57ce55f99f54}</UniqueIdentifier>
    </Filter>
  </ItemGroup>
  <ItemGroup>
    <ClInclude Include="stdafx.h">
      <Filter>_Maintanance</Filter>
    </ClInclude>
    <ClInclude Include="_Link.h">
      <Filter>_Maintanance</Filter>
    </ClInclude>
    <ClInclude Include="NetworkAPI.h">
      <Filter>_Maintanance</Filter>
    </ClInclude>
    <ClInclude Include="Address.h">
      <Filter>Net</Filter>
    </ClInclude>
    <ClInclude Include="Packet.h">
      <Filter>Packets</Filter>
    </ClInclude>
    <ClInclude Include="PacketProvider.h">
      <Filter>Packets</Filter>
    </ClInclude>
    <ClInclude Include="PacketType.h">
      <Filter>Packets</Filter>
    </ClInclude>
    <ClInclude Include="Connection.h">
      <Filter>Net</Filter>
    </ClInclude>
    <ClInclude Include="Utilities.h">
      <Filter>Utilities</Filter>
    </ClInclude>
    <ClInclude Include="ISocket.h">
      <Filter>Net</Filter>
    </ClInclude>
    <ClInclude Include="SocketImpl.h">
      <Filter>Net</Filter>
    </ClInclude>
    <ClInclude Include="Net.h">
      <Filter>Utilities</Filter>
    </ClInclude>
    <ClInclude Include="INetworkController.h">
      <Filter>Manager</Filter>
    </ClInclude>
    <ClInclude Include="DefaultNetworkController.h">
      <Filter>Manager</Filter>
    </ClInclude>
  </ItemGroup>
  <ItemGroup>
    <ClCompile Include="stdafx.cpp">
      <Filter>_Maintanance</Filter>
    </ClCompile>
    <ClCompile Include="Address.cpp">
      <Filter>Net</Filter>
    </ClCompile>
    <ClCompile Include="PacketProvider.cpp">
      <Filter>Packets</Filter>
    </ClCompile>
    <ClCompile Include="Connection.cpp">
      <Filter>Net</Filter>
    </ClCompile>
    <ClCompile Include="Utilities.cpp">
      <Filter>Utilities</Filter>
    </ClCompile>
    <ClCompile Include="_LinkingLiraries.cpp">
      <Filter>_Maintanance</Filter>
    </ClCompile>
    <ClCompile Include="SocketImp.cpp">
      <Filter>Net</Filter>
    </ClCompile>
    <ClCompile Include="DefaultNetworkController.cpp">
      <Filter>Manager</Filter>
    </ClCompile>
  </ItemGroup>
</Project>