<?xml version="1.0" encoding="utf-8"?>
<Project ToolsVersion="4.0" xmlns="http://schemas.microsoft.com/developer/msbuild/2003">
  <ItemGroup>
    <Filter Include="MessageDisatcher">
      <UniqueIdentifier>{629d2fbc-cb8d-434f-b836-6493540b4140}</UniqueIdentifier>
    </Filter>
    <Filter Include="Singleton">
      <UniqueIdentifier>{4FC737F1-C7A5-4376-A066-2A32D752A2FF}</UniqueIdentifier>
      <Extensions>cpp;c;cc;cxx;def;odl;idl;hpj;bat;asm;asmx</Extensions>
    </Filter>
    <Filter Include="_Maintanance">
      <UniqueIdentifier>{93995380-89BD-4b04-88EB-625FBE52EBFB}</UniqueIdentifier>
      <Extensions>h;hh;hpp;hxx;hm;inl;inc;xsd</Extensions>
    </Filter>
    <Filter Include="FSM">
      <UniqueIdentifier>{f98fcc79-95cc-485f-b8fb-818e1110d601}</UniqueIdentifier>
    </Filter>
  </ItemGroup>
  <ItemGroup>
    <ClInclude Include="stdafx.h">
      <Filter>_Maintanance</Filter>
    </ClInclude>
    <ClInclude Include="PatternsAPI.h">
      <Filter>_Maintanance</Filter>
    </ClInclude>
    <ClInclude Include="_Link.h">
      <Filter>_Maintanance</Filter>
    </ClInclude>
    <ClInclude Include="Singleton.h">
      <Filter>Singleton</Filter>
    </ClInclude>
    <ClInclude Include="MessageDispatcher\MemberFunctionHandler.h">
      <Filter>MessageDisatcher</Filter>
    </ClInclude>
    <ClInclude Include="MessageDispatcher\MessageDispatcher.h">
      <Filter>MessageDisatcher</Filter>
    </ClInclude>
    <ClInclude Include="MessageDispatcher\MessageHandlerBase.h">
      <Filter>MessageDisatcher</Filter>
    </ClInclude>
    <ClInclude Include="StaticSingleton.h">
      <Filter>Singleton</Filter>
    </ClInclude>
    <ClInclude Include="MessageDispatcher\Connection.h">
      <Filter>MessageDisatcher</Filter>
    </ClInclude>
    <ClInclude Include="Event.h" />
    <ClInclude Include="StateMachine\StateMachine.h">
      <Filter>FSM</Filter>
    </ClInclude>
    <ClInclude Include="StateMachine\Executor.h">
      <Filter>FSM</Filter>
    </ClInclude>
    <ClInclude Include="StateMachine\Transitions.h">
      <Filter>FSM</Filter>
    </ClInclude>
    <ClInclude Include="StateMachine\BaseState.h">
      <Filter>FSM</Filter>
    </ClInclude>
  </ItemGroup>
  <ItemGroup>
    <ClCompile Include="stdafx.cpp">
      <Filter>_Maintanance</Filter>
    </ClCompile>
    <ClCompile Include="_LinkingLibraries.cpp">
      <Filter>_Maintanance</Filter>
    </ClCompile>
  </ItemGroup>
</Project>