<?xml version="1.0" encoding="utf-8"?>
<Project ToolsVersion="4.0" xmlns="http://schemas.microsoft.com/developer/msbuild/2003">
  <ItemGroup>
    <Filter Include="_Maintanance">
      <UniqueIdentifier>{93995380-89BD-4b04-88EB-625FBE52EBFB}</UniqueIdentifier>
      <Extensions>h;hpp;hxx;hm;inl;inc;xsd</Extensions>
    </Filter>
    <Filter Include="EventManaging">
      <UniqueIdentifier>{038c96e2-88e6-42da-9807-927b816d8064}</UniqueIdentifier>
    </Filter>
    <Filter Include="EventManaging\Base">
      <UniqueIdentifier>{bfa66a78-4e52-44de-abde-67f1d38e88c1}</UniqueIdentifier>
    </Filter>
    <Filter Include="Polling">
      <UniqueIdentifier>{8c5f1450-a3bd-42cf-96d0-12bbda83aa81}</UniqueIdentifier>
    </Filter>
  </ItemGroup>
  <ItemGroup>
    <ClCompile Include="..\..\..\..\Sources\WorldInterfacing\WorldInterfacing.Tests\_LinkingLibraries.cpp">
      <Filter>_Maintanance</Filter>
    </ClCompile>
    <ClCompile Include="..\..\..\..\Sources\WorldInterfacing\WorldInterfacing.Tests\ExecutionManagement.Tests.cpp">
      <Filter>_Maintanance</Filter>
    </ClCompile>
    <ClCompile Include="..\..\..\..\Sources\WorldInterfacing\WorldInterfacing.Tests\stdafx.cpp">
      <Filter>_Maintanance</Filter>
    </ClCompile>
    <ClCompile Include="..\..\..\..\Sources\WorldInterfacing\WorldInterfacing.Tests\EventTests.cpp">
      <Filter>EventManaging</Filter>
    </ClCompile>
    <ClCompile Include="..\..\..\..\Sources\WorldInterfacing\WorldInterfacing.Tests\EventListenerTests.cpp">
      <Filter>EventManaging</Filter>
    </ClCompile>
    <ClCompile Include="..\..\..\..\Sources\WorldInterfacing\WorldInterfacing.Tests\EventManagerTests.cpp">
      <Filter>EventManaging</Filter>
    </ClCompile>
    <ClCompile Include="..\..\..\..\Sources\WorldInterfacing\WorldInterfacing.Tests\EventListenerBroadCastingTests.cpp">
      <Filter>EventManaging</Filter>
    </ClCompile>
    <ClCompile Include="..\..\..\..\Sources\WorldInterfacing\WorldInterfacing.Tests\EventListenerNarrowCastingTests.cpp">
      <Filter>EventManaging</Filter>
    </ClCompile>
    <ClCompile Include="..\..\..\..\Sources\WorldInterfacing\WorldInterfacing.Tests\PollingTaskTests.cpp">
      <Filter>Polling</Filter>
    </ClCompile>
    <ClCompile Include="..\..\..\..\Sources\WorldInterfacing\WorldInterfacing.Tests\PollingStationTests.cpp">
      <Filter>Polling</Filter>
    </ClCompile>
  </ItemGroup>
  <ItemGroup>
    <ClInclude Include="..\..\..\..\Sources\WorldInterfacing\WorldInterfacing.Tests\stdafx.h">
      <Filter>_Maintanance</Filter>
    </ClInclude>
    <ClInclude Include="..\..\..\..\Sources\WorldInterfacing\WorldInterfacing.Tests\EventManagerBaseMocks.h">
      <Filter>EventManaging\Base</Filter>
    </ClInclude>
  </ItemGroup>
</Project>